
Microsoft Visual Studio Solution File, Format Version 12.00
# Visual Studio Version 17
VisualStudioVersion = 17.0.31903.59
MinimumVisualStudioVersion = 10.0.40219.1
Project("{FAE04EC0-301F-11D3-BF4B-00C04F79EFBC}") = "O24OpenAPI.NCH.API", "O24OpenAPI.NCH.API\O24OpenAPI.NCH.API.csproj", "{8FAA8BD0-B7F8-470E-9DE4-4ADAD7E41C41}"
EndProject
Project("{FAE04EC0-301F-11D3-BF4B-00C04F79EFBC}") = "O24OpenAPI.NCH.Domain", "O24OpenAPI.NCH.Domain\O24OpenAPI.NCH.Domain.csproj", "{CDF7E922-3249-430C-B13E-F1F9752DECFC}"
EndProject
Project("{FAE04EC0-301F-11D3-BF4B-00C04F79EFBC}") = "O24OpenAPI.NCH.Infrastructure", "O24OpenAPI.NCH.Infrastructure\O24OpenAPI.NCH.Infrastructure.csproj", "{7E323D12-A142-41FB-88CD-A46879AAE13B}"
EndProject
Global
	GlobalSection(SolutionConfigurationPlatforms) = preSolution
		Debug|Any CPU = Debug|Any CPU
		Debug|x64 = Debug|x64
		Debug|x86 = Debug|x86
		Release|Any CPU = Release|Any CPU
		Release|x64 = Release|x64
		Release|x86 = Release|x86
	EndGlobalSection
	GlobalSection(ProjectConfigurationPlatforms) = postSolution
		{8FAA8BD0-B7F8-470E-9DE4-4ADAD7E41C41}.Debug|Any CPU.ActiveCfg = Debug|Any CPU
		{8FAA8BD0-B7F8-470E-9DE4-4ADAD7E41C41}.Debug|Any CPU.Build.0 = Debug|Any CPU
		{8FAA8BD0-B7F8-470E-9DE4-4ADAD7E41C41}.Debug|x64.ActiveCfg = Debug|Any CPU
		{8FAA8BD0-B7F8-470E-9DE4-4ADAD7E41C41}.Debug|x64.Build.0 = Debug|Any CPU
		{8FAA8BD0-B7F8-470E-9DE4-4ADAD7E41C41}.Debug|x86.ActiveCfg = Debug|Any CPU
		{8FAA8BD0-B7F8-470E-9DE4-4ADAD7E41C41}.Debug|x86.Build.0 = Debug|Any CPU
		{8FAA8BD0-B7F8-470E-9DE4-4ADAD7E41C41}.Release|Any CPU.ActiveCfg = Release|Any CPU
		{8FAA8BD0-B7F8-470E-9DE4-4ADAD7E41C41}.Release|Any CPU.Build.0 = Release|Any CPU
		{8FAA8BD0-B7F8-470E-9DE4-4ADAD7E41C41}.Release|x64.ActiveCfg = Release|Any CPU
		{8FAA8BD0-B7F8-470E-9DE4-4ADAD7E41C41}.Release|x64.Build.0 = Release|Any CPU
		{8FAA8BD0-B7F8-470E-9DE4-4ADAD7E41C41}.Release|x86.ActiveCfg = Release|Any CPU
		{8FAA8BD0-B7F8-470E-9DE4-4ADAD7E41C41}.Release|x86.Build.0 = Release|Any CPU
		{CDF7E922-3249-430C-B13E-F1F9752DECFC}.Debug|Any CPU.ActiveCfg = Debug|Any CPU
		{CDF7E922-3249-430C-B13E-F1F9752DECFC}.Debug|Any CPU.Build.0 = Debug|Any CPU
		{CDF7E922-3249-430C-B13E-F1F9752DECFC}.Debug|x64.ActiveCfg = Debug|Any CPU
		{CDF7E922-3249-430C-B13E-F1F9752DECFC}.Debug|x64.Build.0 = Debug|Any CPU
		{CDF7E922-3249-430C-B13E-F1F9752DECFC}.Debug|x86.ActiveCfg = Debug|Any CPU
		{CDF7E922-3249-430C-B13E-F1F9752DECFC}.Debug|x86.Build.0 = Debug|Any CPU
		{CDF7E922-3249-430C-B13E-F1F9752DECFC}.Release|Any CPU.ActiveCfg = Release|Any CPU
		{CDF7E922-3249-430C-B13E-F1F9752DECFC}.Release|Any CPU.Build.0 = Release|Any CPU
		{CDF7E922-3249-430C-B13E-F1F9752DECFC}.Release|x64.ActiveCfg = Release|Any CPU
		{CDF7E922-3249-430C-B13E-F1F9752DECFC}.Release|x64.Build.0 = Release|Any CPU
		{CDF7E922-3249-430C-B13E-F1F9752DECFC}.Release|x86.ActiveCfg = Release|Any CPU
		{CDF7E922-3249-430C-B13E-F1F9752DECFC}.Release|x86.Build.0 = Release|Any CPU
		{7E323D12-A142-41FB-88CD-A46879AAE13B}.Debug|Any CPU.ActiveCfg = Debug|Any CPU
		{7E323D12-A142-41FB-88CD-A46879AAE13B}.Debug|Any CPU.Build.0 = Debug|Any CPU
		{7E323D12-A142-41FB-88CD-A46879AAE13B}.Debug|x64.ActiveCfg = Debug|Any CPU
		{7E323D12-A142-41FB-88CD-A46879AAE13B}.Debug|x64.Build.0 = Debug|Any CPU
		{7E323D12-A142-41FB-88CD-A46879AAE13B}.Debug|x86.ActiveCfg = Debug|Any CPU
		{7E323D12-A142-41FB-88CD-A46879AAE13B}.Debug|x86.Build.0 = Debug|Any CPU
		{7E323D12-A142-41FB-88CD-A46879AAE13B}.Release|Any CPU.ActiveCfg = Release|Any CPU
		{7E323D12-A142-41FB-88CD-A46879AAE13B}.Release|Any CPU.Build.0 = Release|Any CPU
		{7E323D12-A142-41FB-88CD-A46879AAE13B}.Release|x64.ActiveCfg = Release|Any CPU
		{7E323D12-A142-41FB-88CD-A46879AAE13B}.Release|x64.Build.0 = Release|Any CPU
		{7E323D12-A142-41FB-88CD-A46879AAE13B}.Release|x86.ActiveCfg = Release|Any CPU
		{7E323D12-A142-41FB-88CD-A46879AAE13B}.Release|x86.Build.0 = Release|Any CPU
	EndGlobalSection
	GlobalSection(SolutionProperties) = preSolution
		HideSolutionNode = FALSE
	EndGlobalSection
EndGlobal
