
Microsoft Visual Studio Solution File, Format Version 12.00
# Visual Studio Version 18
VisualStudioVersion = 18.3.11206.111
MinimumVisualStudioVersion = 10.0.40219.1
Project("{2150E333-8FDC-42A3-9474-1A3956D46DE8}") = "O24Framework", "O24Framework", "{C977781E-14CF-6F39-9C43-EDB0793C13DF}"
EndProject
Project("{9A19103F-16F7-4668-BE54-9A1E7A4F7556}") = "O24OpenAPI.Core", "O24Framework\O24OpenAPI.Core\O24OpenAPI.Core.csproj", "{D9233F75-BB0C-47E4-828E-92C1D68E9AA3}"
EndProject
Project("{9A19103F-16F7-4668-BE54-9A1E7A4F7556}") = "O24OpenAPI.Data", "O24Framework\O24OpenAPI.Data\O24OpenAPI.Data.csproj", "{58306082-F57D-407F-862A-3DD9912F4A99}"
EndProject
Project("{9A19103F-16F7-4668-BE54-9A1E7A4F7556}") = "O24OpenAPI.O24OpenAPIClient", "O24Framework\O24OpenAPI.O24OpenAPIClient\O24OpenAPI.O24OpenAPIClient.csproj", "{8525BBCD-1E72-4D36-9A6F-01D9AEB5B6F8}"
EndProject
Project("{9A19103F-16F7-4668-BE54-9A1E7A4F7556}") = "O24OpenAPI.Web.Framework", "O24Framework\O24OpenAPI.Web.Framework\O24OpenAPI.Web.Framework.csproj", "{D860FE6B-BB56-42B7-ADFB-0CC95C4DF1F2}"
EndProject
Project("{2150E333-8FDC-42A3-9474-1A3956D46DE8}") = "O24OpenAPI", "O24OpenAPI", "{83DE70E1-2F25-E610-2429-503927398ABA}"
EndProject
Project("{9A19103F-16F7-4668-BE54-9A1E7A4F7556}") = "O24OpenAPI.ControlHub", "O24OpenAPI\O24OpenAPI.ControlHub\O24OpenAPI.ControlHub.csproj", "{F07A25B3-1E1B-404C-B1A3-A823DE3CC7DA}"
EndProject
Project("{9A19103F-16F7-4668-BE54-9A1E7A4F7556}") = "O24OpenAPI.DataWarehouse", "O24OpenAPI\O24OpenAPI.DataWarehouse\O24OpenAPI.DataWarehouse.csproj", "{7B1F5B42-0D3E-4E01-8A1B-CB3FBBD9C136}"
EndProject
Project("{9A19103F-16F7-4668-BE54-9A1E7A4F7556}") = "O24OpenAPI.Logger", "O24OpenAPI\O24OpenAPI.Logger\O24OpenAPI.Logger.csproj", "{5A322256-63A4-481A-9DB7-2D169CB1C7B1}"
EndProject
Project("{9A19103F-16F7-4668-BE54-9A1E7A4F7556}") = "O24OpenAPI.O24NCH", "O24OpenAPI\O24OpenAPI.O24NCH\O24OpenAPI.O24NCH.csproj", "{21596AF6-D6ED-436E-A3A9-67EF0FB1DACB}"
EndProject
Project("{9A19103F-16F7-4668-BE54-9A1E7A4F7556}") = "O24OpenAPI.Sample", "O24OpenAPI\O24OpenAPI.Sample\O24OpenAPI.Sample.csproj", "{83911ABC-A68D-4B49-9742-901CF483B6A1}"
EndProject
Project("{9A19103F-16F7-4668-BE54-9A1E7A4F7556}") = "O24OpenAPI.WFO", "O24OpenAPI\O24OpenAPI.WFO\O24OpenAPI.WFO.csproj", "{69F83E87-08F3-44B2-91A0-F208AAD7DBD4}"
EndProject
Project("{9A19103F-16F7-4668-BE54-9A1E7A4F7556}") = "O24OpenAPI.Web.CMS", "O24OpenAPI\O24OpenAPI.Web.CMS\O24OpenAPI.Web.CMS.csproj", "{C72F5E78-81B1-4DD8-B644-484AB8732D3F}"
EndProject
Project("{9A19103F-16F7-4668-BE54-9A1E7A4F7556}") = "O24OpenAPI.Web.Report", "O24OpenAPI\O24OpenAPI.Web.Report\O24OpenAPI.Web.Report.csproj", "{6EA1E088-C6DE-4671-85F3-EFA90177E691}"
EndProject
Project("{9A19103F-16F7-4668-BE54-9A1E7A4F7556}") = "O24OpenAPI.Contracts", "O24Framework\O24OpenAPI.Contracts\O24OpenAPI.Contracts.csproj", "{B7294BE3-EDAE-44A7-AC4D-4A26B254495A}"
EndProject
Project("{9A19103F-16F7-4668-BE54-9A1E7A4F7556}") = "O24OpenAPI.EventBus", "O24OpenAPI\O24OpenAPI.EventBus\O24OpenAPI.EventBus.csproj", "{7CC45BD8-6877-586D-314F-072FE2F41445}"
EndProject
Project("{9A19103F-16F7-4668-BE54-9A1E7A4F7556}") = "O24OpenAPI.GrpcContracts", "O24OpenAPI\O24OpenAPI.GrpcContracts\O24OpenAPI.GrpcContracts.csproj", "{38A4A18B-D1DF-74C3-F6A5-1E7FD271E995}"
EndProject
Project("{9A19103F-16F7-4668-BE54-9A1E7A4F7556}") = "O24OpenAPI.APIContracts", "O24OpenAPI\O24OpenAPI.APIContracts\O24OpenAPI.APIContracts.csproj", "{D8DA182F-0069-4957-B839-2B2C2CEF4B42}"
EndProject
Project("{9A19103F-16F7-4668-BE54-9A1E7A4F7556}") = "O24OpenAPI.Core.Logging", "O24Framework\O24OpenAPI.Core.Logging\O24OpenAPI.Core.Logging.csproj", "{9758EA47-8EC3-41D1-AAA6-933343E8CADA}"
EndProject
Project("{9A19103F-16F7-4668-BE54-9A1E7A4F7556}") = "O24OpenAPI.O24ACT", "O24OpenAPI\O24OpenAPI.O24ACT\O24OpenAPI.O24ACT.csproj", "{ABEAF04A-62CB-94DB-D834-2A3737E2C736}"
EndProject
Project("{2150E333-8FDC-42A3-9474-1A3956D46DE8}") = "%USERPROFILE%", "%USERPROFILE%", "{43993615-8307-4B8C-BE70-A53163F29A64}"
	ProjectSection(SolutionItems) = preProject
		.mcp.json = .mcp.json
	EndProjectSection
EndProject
Project("{FAE04EC0-301F-11D3-BF4B-00C04F79EFBC}") = "O24OpenAPI.Kit", "O24Framework\O24OpenAPI.Kit\O24OpenAPI.Kit.csproj", "{F4FF413F-136E-19A0-6E14-F808185EAF32}"
EndProject
Project("{FAE04EC0-301F-11D3-BF4B-00C04F79EFBC}") = "O24OpenAPI.O24Design", "O24OpenAPI\O24OpenAPI.O24Design\O24OpenAPI.O24Design.csproj", "{A1D85CCF-0E80-CD35-04E7-E247788F7470}"
EndProject
Project("{FAE04EC0-301F-11D3-BF4B-00C04F79EFBC}") = "O24OpenAPI.O24AI", "O24OpenAPI\O24OpenAPI.O24AI\O24OpenAPI.O24AI.csproj", "{2D2C459A-6E40-AB33-34C7-A355ED69E8A5}"
EndProject
Global
	GlobalSection(SolutionConfigurationPlatforms) = preSolution
		Debug|Any CPU = Debug|Any CPU
		Debug|x64 = Debug|x64
		Debug|x86 = Debug|x86
		Release|Any CPU = Release|Any CPU
		Release|x64 = Release|x64
		Release|x86 = Release|x86
	EndGlobalSection
	GlobalSection(ProjectConfigurationPlatforms) = postSolution
		{D9233F75-BB0C-47E4-828E-92C1D68E9AA3}.Debug|Any CPU.ActiveCfg = Debug|Any CPU
		{D9233F75-BB0C-47E4-828E-92C1D68E9AA3}.Debug|Any CPU.Build.0 = Debug|Any CPU
		{D9233F75-BB0C-47E4-828E-92C1D68E9AA3}.Debug|x64.ActiveCfg = Debug|Any CPU
		{D9233F75-BB0C-47E4-828E-92C1D68E9AA3}.Debug|x64.Build.0 = Debug|Any CPU
		{D9233F75-BB0C-47E4-828E-92C1D68E9AA3}.Debug|x86.ActiveCfg = Debug|Any CPU
		{D9233F75-BB0C-47E4-828E-92C1D68E9AA3}.Debug|x86.Build.0 = Debug|Any CPU
		{D9233F75-BB0C-47E4-828E-92C1D68E9AA3}.Release|Any CPU.ActiveCfg = Release|Any CPU
		{D9233F75-BB0C-47E4-828E-92C1D68E9AA3}.Release|Any CPU.Build.0 = Release|Any CPU
		{D9233F75-BB0C-47E4-828E-92C1D68E9AA3}.Release|x64.ActiveCfg = Release|Any CPU
		{D9233F75-BB0C-47E4-828E-92C1D68E9AA3}.Release|x64.Build.0 = Release|Any CPU
		{D9233F75-BB0C-47E4-828E-92C1D68E9AA3}.Release|x86.ActiveCfg = Release|Any CPU
		{D9233F75-BB0C-47E4-828E-92C1D68E9AA3}.Release|x86.Build.0 = Release|Any CPU
		{58306082-F57D-407F-862A-3DD9912F4A99}.Debug|Any CPU.ActiveCfg = Debug|Any CPU
		{58306082-F57D-407F-862A-3DD9912F4A99}.Debug|Any CPU.Build.0 = Debug|Any CPU
		{58306082-F57D-407F-862A-3DD9912F4A99}.Debug|x64.ActiveCfg = Debug|Any CPU
		{58306082-F57D-407F-862A-3DD9912F4A99}.Debug|x64.Build.0 = Debug|Any CPU
		{58306082-F57D-407F-862A-3DD9912F4A99}.Debug|x86.ActiveCfg = Debug|Any CPU
		{58306082-F57D-407F-862A-3DD9912F4A99}.Debug|x86.Build.0 = Debug|Any CPU
		{58306082-F57D-407F-862A-3DD9912F4A99}.Release|Any CPU.ActiveCfg = Release|Any CPU
		{58306082-F57D-407F-862A-3DD9912F4A99}.Release|Any CPU.Build.0 = Release|Any CPU
		{58306082-F57D-407F-862A-3DD9912F4A99}.Release|x64.ActiveCfg = Release|Any CPU
		{58306082-F57D-407F-862A-3DD9912F4A99}.Release|x64.Build.0 = Release|Any CPU
		{58306082-F57D-407F-862A-3DD9912F4A99}.Release|x86.ActiveCfg = Release|Any CPU
		{58306082-F57D-407F-862A-3DD9912F4A99}.Release|x86.Build.0 = Release|Any CPU
		{8525BBCD-1E72-4D36-9A6F-01D9AEB5B6F8}.Debug|Any CPU.ActiveCfg = Debug|Any CPU
		{8525BBCD-1E72-4D36-9A6F-01D9AEB5B6F8}.Debug|Any CPU.Build.0 = Debug|Any CPU
		{8525BBCD-1E72-4D36-9A6F-01D9AEB5B6F8}.Debug|x64.ActiveCfg = Debug|Any CPU
		{8525BBCD-1E72-4D36-9A6F-01D9AEB5B6F8}.Debug|x64.Build.0 = Debug|Any CPU
		{8525BBCD-1E72-4D36-9A6F-01D9AEB5B6F8}.Debug|x86.ActiveCfg = Debug|Any CPU
		{8525BBCD-1E72-4D36-9A6F-01D9AEB5B6F8}.Debug|x86.Build.0 = Debug|Any CPU
		{8525BBCD-1E72-4D36-9A6F-01D9AEB5B6F8}.Release|Any CPU.ActiveCfg = Release|Any CPU
		{8525BBCD-1E72-4D36-9A6F-01D9AEB5B6F8}.Release|Any CPU.Build.0 = Release|Any CPU
		{8525BBCD-1E72-4D36-9A6F-01D9AEB5B6F8}.Release|x64.ActiveCfg = Release|Any CPU
		{8525BBCD-1E72-4D36-9A6F-01D9AEB5B6F8}.Release|x64.Build.0 = Release|Any CPU
		{8525BBCD-1E72-4D36-9A6F-01D9AEB5B6F8}.Release|x86.ActiveCfg = Release|Any CPU
		{8525BBCD-1E72-4D36-9A6F-01D9AEB5B6F8}.Release|x86.Build.0 = Release|Any CPU
		{D860FE6B-BB56-42B7-ADFB-0CC95C4DF1F2}.Debug|Any CPU.ActiveCfg = Debug|Any CPU
		{D860FE6B-BB56-42B7-ADFB-0CC95C4DF1F2}.Debug|Any CPU.Build.0 = Debug|Any CPU
		{D860FE6B-BB56-42B7-ADFB-0CC95C4DF1F2}.Debug|x64.ActiveCfg = Debug|Any CPU
		{D860FE6B-BB56-42B7-ADFB-0CC95C4DF1F2}.Debug|x64.Build.0 = Debug|Any CPU
		{D860FE6B-BB56-42B7-ADFB-0CC95C4DF1F2}.Debug|x86.ActiveCfg = Debug|Any CPU
		{D860FE6B-BB56-42B7-ADFB-0CC95C4DF1F2}.Debug|x86.Build.0 = Debug|Any CPU
		{D860FE6B-BB56-42B7-ADFB-0CC95C4DF1F2}.Release|Any CPU.ActiveCfg = Release|Any CPU
		{D860FE6B-BB56-42B7-ADFB-0CC95C4DF1F2}.Release|Any CPU.Build.0 = Release|Any CPU
		{D860FE6B-BB56-42B7-ADFB-0CC95C4DF1F2}.Release|x64.ActiveCfg = Release|Any CPU
		{D860FE6B-BB56-42B7-ADFB-0CC95C4DF1F2}.Release|x64.Build.0 = Release|Any CPU
		{D860FE6B-BB56-42B7-ADFB-0CC95C4DF1F2}.Release|x86.ActiveCfg = Release|Any CPU
		{D860FE6B-BB56-42B7-ADFB-0CC95C4DF1F2}.Release|x86.Build.0 = Release|Any CPU
		{F07A25B3-1E1B-404C-B1A3-A823DE3CC7DA}.Debug|Any CPU.ActiveCfg = Debug|Any CPU
		{F07A25B3-1E1B-404C-B1A3-A823DE3CC7DA}.Debug|Any CPU.Build.0 = Debug|Any CPU
		{F07A25B3-1E1B-404C-B1A3-A823DE3CC7DA}.Debug|x64.ActiveCfg = Debug|Any CPU
		{F07A25B3-1E1B-404C-B1A3-A823DE3CC7DA}.Debug|x64.Build.0 = Debug|Any CPU
		{F07A25B3-1E1B-404C-B1A3-A823DE3CC7DA}.Debug|x86.ActiveCfg = Debug|Any CPU
		{F07A25B3-1E1B-404C-B1A3-A823DE3CC7DA}.Debug|x86.Build.0 = Debug|Any CPU
		{F07A25B3-1E1B-404C-B1A3-A823DE3CC7DA}.Release|Any CPU.ActiveCfg = Release|Any CPU
		{F07A25B3-1E1B-404C-B1A3-A823DE3CC7DA}.Release|Any CPU.Build.0 = Release|Any CPU
		{F07A25B3-1E1B-404C-B1A3-A823DE3CC7DA}.Release|x64.ActiveCfg = Release|Any CPU
		{F07A25B3-1E1B-404C-B1A3-A823DE3CC7DA}.Release|x64.Build.0 = Release|Any CPU
		{F07A25B3-1E1B-404C-B1A3-A823DE3CC7DA}.Release|x86.ActiveCfg = Release|Any CPU
		{F07A25B3-1E1B-404C-B1A3-A823DE3CC7DA}.Release|x86.Build.0 = Release|Any CPU
		{7B1F5B42-0D3E-4E01-8A1B-CB3FBBD9C136}.Debug|Any CPU.ActiveCfg = Debug|Any CPU
		{7B1F5B42-0D3E-4E01-8A1B-CB3FBBD9C136}.Debug|Any CPU.Build.0 = Debug|Any CPU
		{7B1F5B42-0D3E-4E01-8A1B-CB3FBBD9C136}.Debug|x64.ActiveCfg = Debug|Any CPU
		{7B1F5B42-0D3E-4E01-8A1B-CB3FBBD9C136}.Debug|x64.Build.0 = Debug|Any CPU
		{7B1F5B42-0D3E-4E01-8A1B-CB3FBBD9C136}.Debug|x86.ActiveCfg = Debug|Any CPU
		{7B1F5B42-0D3E-4E01-8A1B-CB3FBBD9C136}.Debug|x86.Build.0 = Debug|Any CPU
		{7B1F5B42-0D3E-4E01-8A1B-CB3FBBD9C136}.Release|Any CPU.ActiveCfg = Release|Any CPU
		{7B1F5B42-0D3E-4E01-8A1B-CB3FBBD9C136}.Release|Any CPU.Build.0 = Release|Any CPU
		{7B1F5B42-0D3E-4E01-8A1B-CB3FBBD9C136}.Release|x64.ActiveCfg = Release|Any CPU
		{7B1F5B42-0D3E-4E01-8A1B-CB3FBBD9C136}.Release|x64.Build.0 = Release|Any CPU
		{7B1F5B42-0D3E-4E01-8A1B-CB3FBBD9C136}.Release|x86.ActiveCfg = Release|Any CPU
		{7B1F5B42-0D3E-4E01-8A1B-CB3FBBD9C136}.Release|x86.Build.0 = Release|Any CPU
		{5A322256-63A4-481A-9DB7-2D169CB1C7B1}.Debug|Any CPU.ActiveCfg = Debug|Any CPU
		{5A322256-63A4-481A-9DB7-2D169CB1C7B1}.Debug|Any CPU.Build.0 = Debug|Any CPU
		{5A322256-63A4-481A-9DB7-2D169CB1C7B1}.Debug|x64.ActiveCfg = Debug|Any CPU
		{5A322256-63A4-481A-9DB7-2D169CB1C7B1}.Debug|x64.Build.0 = Debug|Any CPU
		{5A322256-63A4-481A-9DB7-2D169CB1C7B1}.Debug|x86.ActiveCfg = Debug|Any CPU
		{5A322256-63A4-481A-9DB7-2D169CB1C7B1}.Debug|x86.Build.0 = Debug|Any CPU
		{5A322256-63A4-481A-9DB7-2D169CB1C7B1}.Release|Any CPU.ActiveCfg = Release|Any CPU
		{5A322256-63A4-481A-9DB7-2D169CB1C7B1}.Release|Any CPU.Build.0 = Release|Any CPU
		{5A322256-63A4-481A-9DB7-2D169CB1C7B1}.Release|x64.ActiveCfg = Release|Any CPU
		{5A322256-63A4-481A-9DB7-2D169CB1C7B1}.Release|x64.Build.0 = Release|Any CPU
		{5A322256-63A4-481A-9DB7-2D169CB1C7B1}.Release|x86.ActiveCfg = Release|Any CPU
		{5A322256-63A4-481A-9DB7-2D169CB1C7B1}.Release|x86.Build.0 = Release|Any CPU
		{21596AF6-D6ED-436E-A3A9-67EF0FB1DACB}.Debug|Any CPU.ActiveCfg = Debug|Any CPU
		{21596AF6-D6ED-436E-A3A9-67EF0FB1DACB}.Debug|Any CPU.Build.0 = Debug|Any CPU
		{21596AF6-D6ED-436E-A3A9-67EF0FB1DACB}.Debug|x64.ActiveCfg = Debug|Any CPU
		{21596AF6-D6ED-436E-A3A9-67EF0FB1DACB}.Debug|x64.Build.0 = Debug|Any CPU
		{21596AF6-D6ED-436E-A3A9-67EF0FB1DACB}.Debug|x86.ActiveCfg = Debug|Any CPU
		{21596AF6-D6ED-436E-A3A9-67EF0FB1DACB}.Debug|x86.Build.0 = Debug|Any CPU
		{21596AF6-D6ED-436E-A3A9-67EF0FB1DACB}.Release|Any CPU.ActiveCfg = Release|Any CPU
		{21596AF6-D6ED-436E-A3A9-67EF0FB1DACB}.Release|Any CPU.Build.0 = Release|Any CPU
		{21596AF6-D6ED-436E-A3A9-67EF0FB1DACB}.Release|x64.ActiveCfg = Release|Any CPU
		{21596AF6-D6ED-436E-A3A9-67EF0FB1DACB}.Release|x64.Build.0 = Release|Any CPU
		{21596AF6-D6ED-436E-A3A9-67EF0FB1DACB}.Release|x86.ActiveCfg = Release|Any CPU
		{21596AF6-D6ED-436E-A3A9-67EF0FB1DACB}.Release|x86.Build.0 = Release|Any CPU
		{83911ABC-A68D-4B49-9742-901CF483B6A1}.Debug|Any CPU.ActiveCfg = Debug|Any CPU
		{83911ABC-A68D-4B49-9742-901CF483B6A1}.Debug|Any CPU.Build.0 = Debug|Any CPU
		{83911ABC-A68D-4B49-9742-901CF483B6A1}.Debug|x64.ActiveCfg = Debug|Any CPU
		{83911ABC-A68D-4B49-9742-901CF483B6A1}.Debug|x64.Build.0 = Debug|Any CPU
		{83911ABC-A68D-4B49-9742-901CF483B6A1}.Debug|x86.ActiveCfg = Debug|Any CPU
		{83911ABC-A68D-4B49-9742-901CF483B6A1}.Debug|x86.Build.0 = Debug|Any CPU
		{83911ABC-A68D-4B49-9742-901CF483B6A1}.Release|Any CPU.ActiveCfg = Release|Any CPU
		{83911ABC-A68D-4B49-9742-901CF483B6A1}.Release|Any CPU.Build.0 = Release|Any CPU
		{83911ABC-A68D-4B49-9742-901CF483B6A1}.Release|x64.ActiveCfg = Release|Any CPU
		{83911ABC-A68D-4B49-9742-901CF483B6A1}.Release|x64.Build.0 = Release|Any CPU
		{83911ABC-A68D-4B49-9742-901CF483B6A1}.Release|x86.ActiveCfg = Release|Any CPU
		{83911ABC-A68D-4B49-9742-901CF483B6A1}.Release|x86.Build.0 = Release|Any CPU
		{69F83E87-08F3-44B2-91A0-F208AAD7DBD4}.Debug|Any CPU.ActiveCfg = Debug|Any CPU
		{69F83E87-08F3-44B2-91A0-F208AAD7DBD4}.Debug|Any CPU.Build.0 = Debug|Any CPU
		{69F83E87-08F3-44B2-91A0-F208AAD7DBD4}.Debug|x64.ActiveCfg = Debug|Any CPU
		{69F83E87-08F3-44B2-91A0-F208AAD7DBD4}.Debug|x64.Build.0 = Debug|Any CPU
		{69F83E87-08F3-44B2-91A0-F208AAD7DBD4}.Debug|x86.ActiveCfg = Debug|Any CPU
		{69F83E87-08F3-44B2-91A0-F208AAD7DBD4}.Debug|x86.Build.0 = Debug|Any CPU
		{69F83E87-08F3-44B2-91A0-F208AAD7DBD4}.Release|Any CPU.ActiveCfg = Release|Any CPU
		{69F83E87-08F3-44B2-91A0-F208AAD7DBD4}.Release|Any CPU.Build.0 = Release|Any CPU
		{69F83E87-08F3-44B2-91A0-F208AAD7DBD4}.Release|x64.ActiveCfg = Release|Any CPU
		{69F83E87-08F3-44B2-91A0-F208AAD7DBD4}.Release|x64.Build.0 = Release|Any CPU
		{69F83E87-08F3-44B2-91A0-F208AAD7DBD4}.Release|x86.ActiveCfg = Release|Any CPU
		{69F83E87-08F3-44B2-91A0-F208AAD7DBD4}.Release|x86.Build.0 = Release|Any CPU
		{C72F5E78-81B1-4DD8-B644-484AB8732D3F}.Debug|Any CPU.ActiveCfg = Debug|Any CPU
		{C72F5E78-81B1-4DD8-B644-484AB8732D3F}.Debug|Any CPU.Build.0 = Debug|Any CPU
		{C72F5E78-81B1-4DD8-B644-484AB8732D3F}.Debug|x64.ActiveCfg = Debug|Any CPU
		{C72F5E78-81B1-4DD8-B644-484AB8732D3F}.Debug|x64.Build.0 = Debug|Any CPU
		{C72F5E78-81B1-4DD8-B644-484AB8732D3F}.Debug|x86.ActiveCfg = Debug|Any CPU
		{C72F5E78-81B1-4DD8-B644-484AB8732D3F}.Debug|x86.Build.0 = Debug|Any CPU
		{C72F5E78-81B1-4DD8-B644-484AB8732D3F}.Release|Any CPU.ActiveCfg = Release|Any CPU
		{C72F5E78-81B1-4DD8-B644-484AB8732D3F}.Release|Any CPU.Build.0 = Release|Any CPU
		{C72F5E78-81B1-4DD8-B644-484AB8732D3F}.Release|x64.ActiveCfg = Release|Any CPU
		{C72F5E78-81B1-4DD8-B644-484AB8732D3F}.Release|x64.Build.0 = Release|Any CPU
		{C72F5E78-81B1-4DD8-B644-484AB8732D3F}.Release|x86.ActiveCfg = Release|Any CPU
		{C72F5E78-81B1-4DD8-B644-484AB8732D3F}.Release|x86.Build.0 = Release|Any CPU
		{6EA1E088-C6DE-4671-85F3-EFA90177E691}.Debug|Any CPU.ActiveCfg = Debug|Any CPU
		{6EA1E088-C6DE-4671-85F3-EFA90177E691}.Debug|Any CPU.Build.0 = Debug|Any CPU
		{6EA1E088-C6DE-4671-85F3-EFA90177E691}.Debug|x64.ActiveCfg = Debug|Any CPU
		{6EA1E088-C6DE-4671-85F3-EFA90177E691}.Debug|x64.Build.0 = Debug|Any CPU
		{6EA1E088-C6DE-4671-85F3-EFA90177E691}.Debug|x86.ActiveCfg = Debug|Any CPU
		{6EA1E088-C6DE-4671-85F3-EFA90177E691}.Debug|x86.Build.0 = Debug|Any CPU
		{6EA1E088-C6DE-4671-85F3-EFA90177E691}.Release|Any CPU.ActiveCfg = Release|Any CPU
		{6EA1E088-C6DE-4671-85F3-EFA90177E691}.Release|Any CPU.Build.0 = Release|Any CPU
		{6EA1E088-C6DE-4671-85F3-EFA90177E691}.Release|x64.ActiveCfg = Release|Any CPU
		{6EA1E088-C6DE-4671-85F3-EFA90177E691}.Release|x64.Build.0 = Release|Any CPU
		{6EA1E088-C6DE-4671-85F3-EFA90177E691}.Release|x86.ActiveCfg = Release|Any CPU
		{6EA1E088-C6DE-4671-85F3-EFA90177E691}.Release|x86.Build.0 = Release|Any CPU
		{B7294BE3-EDAE-44A7-AC4D-4A26B254495A}.Debug|Any CPU.ActiveCfg = Debug|Any CPU
		{B7294BE3-EDAE-44A7-AC4D-4A26B254495A}.Debug|Any CPU.Build.0 = Debug|Any CPU
		{B7294BE3-EDAE-44A7-AC4D-4A26B254495A}.Debug|x64.ActiveCfg = Debug|Any CPU
		{B7294BE3-EDAE-44A7-AC4D-4A26B254495A}.Debug|x64.Build.0 = Debug|Any CPU
		{B7294BE3-EDAE-44A7-AC4D-4A26B254495A}.Debug|x86.ActiveCfg = Debug|Any CPU
		{B7294BE3-EDAE-44A7-AC4D-4A26B254495A}.Debug|x86.Build.0 = Debug|Any CPU
		{B7294BE3-EDAE-44A7-AC4D-4A26B254495A}.Release|Any CPU.ActiveCfg = Release|Any CPU
		{B7294BE3-EDAE-44A7-AC4D-4A26B254495A}.Release|Any CPU.Build.0 = Release|Any CPU
		{B7294BE3-EDAE-44A7-AC4D-4A26B254495A}.Release|x64.ActiveCfg = Release|Any CPU
		{B7294BE3-EDAE-44A7-AC4D-4A26B254495A}.Release|x64.Build.0 = Release|Any CPU
		{B7294BE3-EDAE-44A7-AC4D-4A26B254495A}.Release|x86.ActiveCfg = Release|Any CPU
		{B7294BE3-EDAE-44A7-AC4D-4A26B254495A}.Release|x86.Build.0 = Release|Any CPU
		{7CC45BD8-6877-586D-314F-072FE2F41445}.Debug|Any CPU.ActiveCfg = Debug|Any CPU
		{7CC45BD8-6877-586D-314F-072FE2F41445}.Debug|Any CPU.Build.0 = Debug|Any CPU
		{7CC45BD8-6877-586D-314F-072FE2F41445}.Debug|x64.ActiveCfg = Debug|Any CPU
		{7CC45BD8-6877-586D-314F-072FE2F41445}.Debug|x64.Build.0 = Debug|Any CPU
		{7CC45BD8-6877-586D-314F-072FE2F41445}.Debug|x86.ActiveCfg = Debug|Any CPU
		{7CC45BD8-6877-586D-314F-072FE2F41445}.Debug|x86.Build.0 = Debug|Any CPU
		{7CC45BD8-6877-586D-314F-072FE2F41445}.Release|Any CPU.ActiveCfg = Release|Any CPU
		{7CC45BD8-6877-586D-314F-072FE2F41445}.Release|Any CPU.Build.0 = Release|Any CPU
		{7CC45BD8-6877-586D-314F-072FE2F41445}.Release|x64.ActiveCfg = Release|Any CPU
		{7CC45BD8-6877-586D-314F-072FE2F41445}.Release|x64.Build.0 = Release|Any CPU
		{7CC45BD8-6877-586D-314F-072FE2F41445}.Release|x86.ActiveCfg = Release|Any CPU
		{7CC45BD8-6877-586D-314F-072FE2F41445}.Release|x86.Build.0 = Release|Any CPU
		{38A4A18B-D1DF-74C3-F6A5-1E7FD271E995}.Debug|Any CPU.ActiveCfg = Debug|Any CPU
		{38A4A18B-D1DF-74C3-F6A5-1E7FD271E995}.Debug|Any CPU.Build.0 = Debug|Any CPU
		{38A4A18B-D1DF-74C3-F6A5-1E7FD271E995}.Debug|x64.ActiveCfg = Debug|Any CPU
		{38A4A18B-D1DF-74C3-F6A5-1E7FD271E995}.Debug|x64.Build.0 = Debug|Any CPU
		{38A4A18B-D1DF-74C3-F6A5-1E7FD271E995}.Debug|x86.ActiveCfg = Debug|Any CPU
		{38A4A18B-D1DF-74C3-F6A5-1E7FD271E995}.Debug|x86.Build.0 = Debug|Any CPU
		{38A4A18B-D1DF-74C3-F6A5-1E7FD271E995}.Release|Any CPU.ActiveCfg = Release|Any CPU
		{38A4A18B-D1DF-74C3-F6A5-1E7FD271E995}.Release|Any CPU.Build.0 = Release|Any CPU
		{38A4A18B-D1DF-74C3-F6A5-1E7FD271E995}.Release|x64.ActiveCfg = Release|Any CPU
		{38A4A18B-D1DF-74C3-F6A5-1E7FD271E995}.Release|x64.Build.0 = Release|Any CPU
		{38A4A18B-D1DF-74C3-F6A5-1E7FD271E995}.Release|x86.ActiveCfg = Release|Any CPU
		{38A4A18B-D1DF-74C3-F6A5-1E7FD271E995}.Release|x86.Build.0 = Release|Any CPU
		{D8DA182F-0069-4957-B839-2B2C2CEF4B42}.Debug|Any CPU.ActiveCfg = Debug|Any CPU
		{D8DA182F-0069-4957-B839-2B2C2CEF4B42}.Debug|Any CPU.Build.0 = Debug|Any CPU
		{D8DA182F-0069-4957-B839-2B2C2CEF4B42}.Debug|x64.ActiveCfg = Debug|Any CPU
		{D8DA182F-0069-4957-B839-2B2C2CEF4B42}.Debug|x64.Build.0 = Debug|Any CPU
		{D8DA182F-0069-4957-B839-2B2C2CEF4B42}.Debug|x86.ActiveCfg = Debug|Any CPU
		{D8DA182F-0069-4957-B839-2B2C2CEF4B42}.Debug|x86.Build.0 = Debug|Any CPU
		{D8DA182F-0069-4957-B839-2B2C2CEF4B42}.Release|Any CPU.ActiveCfg = Release|Any CPU
		{D8DA182F-0069-4957-B839-2B2C2CEF4B42}.Release|Any CPU.Build.0 = Release|Any CPU
		{D8DA182F-0069-4957-B839-2B2C2CEF4B42}.Release|x64.ActiveCfg = Release|Any CPU
		{D8DA182F-0069-4957-B839-2B2C2CEF4B42}.Release|x64.Build.0 = Release|Any CPU
		{D8DA182F-0069-4957-B839-2B2C2CEF4B42}.Release|x86.ActiveCfg = Release|Any CPU
		{D8DA182F-0069-4957-B839-2B2C2CEF4B42}.Release|x86.Build.0 = Release|Any CPU
		{9758EA47-8EC3-41D1-AAA6-933343E8CADA}.Debug|Any CPU.ActiveCfg = Debug|Any CPU
		{9758EA47-8EC3-41D1-AAA6-933343E8CADA}.Debug|Any CPU.Build.0 = Debug|Any CPU
		{9758EA47-8EC3-41D1-AAA6-933343E8CADA}.Debug|x64.ActiveCfg = Debug|Any CPU
		{9758EA47-8EC3-41D1-AAA6-933343E8CADA}.Debug|x64.Build.0 = Debug|Any CPU
		{9758EA47-8EC3-41D1-AAA6-933343E8CADA}.Debug|x86.ActiveCfg = Debug|Any CPU
		{9758EA47-8EC3-41D1-AAA6-933343E8CADA}.Debug|x86.Build.0 = Debug|Any CPU
		{9758EA47-8EC3-41D1-AAA6-933343E8CADA}.Release|Any CPU.ActiveCfg = Release|Any CPU
		{9758EA47-8EC3-41D1-AAA6-933343E8CADA}.Release|Any CPU.Build.0 = Release|Any CPU
		{9758EA47-8EC3-41D1-AAA6-933343E8CADA}.Release|x64.ActiveCfg = Release|Any CPU
		{9758EA47-8EC3-41D1-AAA6-933343E8CADA}.Release|x64.Build.0 = Release|Any CPU
		{9758EA47-8EC3-41D1-AAA6-933343E8CADA}.Release|x86.ActiveCfg = Release|Any CPU
		{9758EA47-8EC3-41D1-AAA6-933343E8CADA}.Release|x86.Build.0 = Release|Any CPU
		{ABEAF04A-62CB-94DB-D834-2A3737E2C736}.Debug|Any CPU.ActiveCfg = Debug|Any CPU
		{ABEAF04A-62CB-94DB-D834-2A3737E2C736}.Debug|Any CPU.Build.0 = Debug|Any CPU
		{ABEAF04A-62CB-94DB-D834-2A3737E2C736}.Debug|x64.ActiveCfg = Debug|Any CPU
		{ABEAF04A-62CB-94DB-D834-2A3737E2C736}.Debug|x64.Build.0 = Debug|Any CPU
		{ABEAF04A-62CB-94DB-D834-2A3737E2C736}.Debug|x86.ActiveCfg = Debug|Any CPU
		{ABEAF04A-62CB-94DB-D834-2A3737E2C736}.Debug|x86.Build.0 = Debug|Any CPU
		{ABEAF04A-62CB-94DB-D834-2A3737E2C736}.Release|Any CPU.ActiveCfg = Release|Any CPU
		{ABEAF04A-62CB-94DB-D834-2A3737E2C736}.Release|Any CPU.Build.0 = Release|Any CPU
		{ABEAF04A-62CB-94DB-D834-2A3737E2C736}.Release|x64.ActiveCfg = Release|Any CPU
		{ABEAF04A-62CB-94DB-D834-2A3737E2C736}.Release|x64.Build.0 = Release|Any CPU
		{ABEAF04A-62CB-94DB-D834-2A3737E2C736}.Release|x86.ActiveCfg = Release|Any CPU
		{ABEAF04A-62CB-94DB-D834-2A3737E2C736}.Release|x86.Build.0 = Release|Any CPU
		{F4FF413F-136E-19A0-6E14-F808185EAF32}.Debug|Any CPU.ActiveCfg = Debug|Any CPU
		{F4FF413F-136E-19A0-6E14-F808185EAF32}.Debug|Any CPU.Build.0 = Debug|Any CPU
		{F4FF413F-136E-19A0-6E14-F808185EAF32}.Debug|x64.ActiveCfg = Debug|Any CPU
		{F4FF413F-136E-19A0-6E14-F808185EAF32}.Debug|x64.Build.0 = Debug|Any CPU
		{F4FF413F-136E-19A0-6E14-F808185EAF32}.Debug|x86.ActiveCfg = Debug|Any CPU
		{F4FF413F-136E-19A0-6E14-F808185EAF32}.Debug|x86.Build.0 = Debug|Any CPU
		{F4FF413F-136E-19A0-6E14-F808185EAF32}.Release|Any CPU.ActiveCfg = Release|Any CPU
		{F4FF413F-136E-19A0-6E14-F808185EAF32}.Release|Any CPU.Build.0 = Release|Any CPU
		{F4FF413F-136E-19A0-6E14-F808185EAF32}.Release|x64.ActiveCfg = Release|Any CPU
		{F4FF413F-136E-19A0-6E14-F808185EAF32}.Release|x64.Build.0 = Release|Any CPU
		{F4FF413F-136E-19A0-6E14-F808185EAF32}.Release|x86.ActiveCfg = Release|Any CPU
		{F4FF413F-136E-19A0-6E14-F808185EAF32}.Release|x86.Build.0 = Release|Any CPU
		{A1D85CCF-0E80-CD35-04E7-E247788F7470}.Debug|Any CPU.ActiveCfg = Debug|Any CPU
		{A1D85CCF-0E80-CD35-04E7-E247788F7470}.Debug|Any CPU.Build.0 = Debug|Any CPU
		{A1D85CCF-0E80-CD35-04E7-E247788F7470}.Debug|x64.ActiveCfg = Debug|Any CPU
		{A1D85CCF-0E80-CD35-04E7-E247788F7470}.Debug|x64.Build.0 = Debug|Any CPU
		{A1D85CCF-0E80-CD35-04E7-E247788F7470}.Debug|x86.ActiveCfg = Debug|Any CPU
		{A1D85CCF-0E80-CD35-04E7-E247788F7470}.Debug|x86.Build.0 = Debug|Any CPU
		{A1D85CCF-0E80-CD35-04E7-E247788F7470}.Release|Any CPU.ActiveCfg = Release|Any CPU
		{A1D85CCF-0E80-CD35-04E7-E247788F7470}.Release|Any CPU.Build.0 = Release|Any CPU
		{A1D85CCF-0E80-CD35-04E7-E247788F7470}.Release|x64.ActiveCfg = Release|Any CPU
		{A1D85CCF-0E80-CD35-04E7-E247788F7470}.Release|x64.Build.0 = Release|Any CPU
		{A1D85CCF-0E80-CD35-04E7-E247788F7470}.Release|x86.ActiveCfg = Release|Any CPU
		{A1D85CCF-0E80-CD35-04E7-E247788F7470}.Release|x86.Build.0 = Release|Any CPU
		{2D2C459A-6E40-AB33-34C7-A355ED69E8A5}.Debug|Any CPU.ActiveCfg = Debug|Any CPU
		{2D2C459A-6E40-AB33-34C7-A355ED69E8A5}.Debug|Any CPU.Build.0 = Debug|Any CPU
		{2D2C459A-6E40-AB33-34C7-A355ED69E8A5}.Debug|x64.ActiveCfg = Debug|Any CPU
		{2D2C459A-6E40-AB33-34C7-A355ED69E8A5}.Debug|x64.Build.0 = Debug|Any CPU
		{2D2C459A-6E40-AB33-34C7-A355ED69E8A5}.Debug|x86.ActiveCfg = Debug|Any CPU
		{2D2C459A-6E40-AB33-34C7-A355ED69E8A5}.Debug|x86.Build.0 = Debug|Any CPU
		{2D2C459A-6E40-AB33-34C7-A355ED69E8A5}.Release|Any CPU.ActiveCfg = Release|Any CPU
		{2D2C459A-6E40-AB33-34C7-A355ED69E8A5}.Release|Any CPU.Build.0 = Release|Any CPU
		{2D2C459A-6E40-AB33-34C7-A355ED69E8A5}.Release|x64.ActiveCfg = Release|Any CPU
		{2D2C459A-6E40-AB33-34C7-A355ED69E8A5}.Release|x64.Build.0 = Release|Any CPU
		{2D2C459A-6E40-AB33-34C7-A355ED69E8A5}.Release|x86.ActiveCfg = Release|Any CPU
		{2D2C459A-6E40-AB33-34C7-A355ED69E8A5}.Release|x86.Build.0 = Release|Any CPU
	EndGlobalSection
	GlobalSection(SolutionProperties) = preSolution
		HideSolutionNode = FALSE
	EndGlobalSection
	GlobalSection(NestedProjects) = preSolution
		{D9233F75-BB0C-47E4-828E-92C1D68E9AA3} = {C977781E-14CF-6F39-9C43-EDB0793C13DF}
		{58306082-F57D-407F-862A-3DD9912F4A99} = {C977781E-14CF-6F39-9C43-EDB0793C13DF}
		{8525BBCD-1E72-4D36-9A6F-01D9AEB5B6F8} = {C977781E-14CF-6F39-9C43-EDB0793C13DF}
		{D860FE6B-BB56-42B7-ADFB-0CC95C4DF1F2} = {C977781E-14CF-6F39-9C43-EDB0793C13DF}
		{F07A25B3-1E1B-404C-B1A3-A823DE3CC7DA} = {83DE70E1-2F25-E610-2429-503927398ABA}
		{7B1F5B42-0D3E-4E01-8A1B-CB3FBBD9C136} = {83DE70E1-2F25-E610-2429-503927398ABA}
		{5A322256-63A4-481A-9DB7-2D169CB1C7B1} = {83DE70E1-2F25-E610-2429-503927398ABA}
		{21596AF6-D6ED-436E-A3A9-67EF0FB1DACB} = {83DE70E1-2F25-E610-2429-503927398ABA}
		{83911ABC-A68D-4B49-9742-901CF483B6A1} = {83DE70E1-2F25-E610-2429-503927398ABA}
		{69F83E87-08F3-44B2-91A0-F208AAD7DBD4} = {83DE70E1-2F25-E610-2429-503927398ABA}
		{C72F5E78-81B1-4DD8-B644-484AB8732D3F} = {83DE70E1-2F25-E610-2429-503927398ABA}
		{6EA1E088-C6DE-4671-85F3-EFA90177E691} = {83DE70E1-2F25-E610-2429-503927398ABA}
		{B7294BE3-EDAE-44A7-AC4D-4A26B254495A} = {C977781E-14CF-6F39-9C43-EDB0793C13DF}
		{7CC45BD8-6877-586D-314F-072FE2F41445} = {83DE70E1-2F25-E610-2429-503927398ABA}
		{38A4A18B-D1DF-74C3-F6A5-1E7FD271E995} = {83DE70E1-2F25-E610-2429-503927398ABA}
		{D8DA182F-0069-4957-B839-2B2C2CEF4B42} = {83DE70E1-2F25-E610-2429-503927398ABA}
		{9758EA47-8EC3-41D1-AAA6-933343E8CADA} = {C977781E-14CF-6F39-9C43-EDB0793C13DF}
		{ABEAF04A-62CB-94DB-D834-2A3737E2C736} = {83DE70E1-2F25-E610-2429-503927398ABA}
		{F4FF413F-136E-19A0-6E14-F808185EAF32} = {C977781E-14CF-6F39-9C43-EDB0793C13DF}
		{A1D85CCF-0E80-CD35-04E7-E247788F7470} = {83DE70E1-2F25-E610-2429-503927398ABA}
		{2D2C459A-6E40-AB33-34C7-A355ED69E8A5} = {83DE70E1-2F25-E610-2429-503927398ABA}
	EndGlobalSection
	GlobalSection(ExtensibilityGlobals) = postSolution
		SolutionGuid = {BBB320BC-9922-48CD-A508-EA407F4C1145}
	EndGlobalSection
EndGlobal
