
Microsoft Visual Studio Solution File, Format Version 12.00
# Visual Studio Version 18
VisualStudioVersion = 18.0.11217.181
MinimumVisualStudioVersion = 10.0.40219.1
Project("{2150E333-8FDC-42A3-9474-1A3956D46DE8}") = "O24Framework", "O24Framework", "{C977781E-14CF-6F39-9C43-EDB0793C13DF}"
	ProjectSection(SolutionItems) = preProject
		O24Framework\Directory.Build.props = O24Framework\Directory.Build.props
		O24Framework\Directory.Packages.props = O24Framework\Directory.Packages.props
	EndProjectSection
EndProject
Project("{9A19103F-16F7-4668-BE54-9A1E7A4F7556}") = "O24OpenAPI.Core", "O24Framework\O24OpenAPI.Core\O24OpenAPI.Core.csproj", "{D9233F75-BB0C-47E4-828E-92C1D68E9AA3}"
EndProject
Project("{9A19103F-16F7-4668-BE54-9A1E7A4F7556}") = "O24OpenAPI.Data", "O24Framework\O24OpenAPI.Data\O24OpenAPI.Data.csproj", "{58306082-F57D-407F-862A-3DD9912F4A99}"
EndProject
Project("{9A19103F-16F7-4668-BE54-9A1E7A4F7556}") = "O24OpenAPI.Client", "O24Framework\O24OpenAPI.Client\O24OpenAPI.Client.csproj", "{8525BBCD-1E72-4D36-9A6F-01D9AEB5B6F8}"
EndProject
Project("{9A19103F-16F7-4668-BE54-9A1E7A4F7556}") = "O24OpenAPI.Framework", "O24Framework\O24OpenAPI.Framework\O24OpenAPI.Framework.csproj", "{D860FE6B-BB56-42B7-ADFB-0CC95C4DF1F2}"
EndProject
Project("{2150E333-8FDC-42A3-9474-1A3956D46DE8}") = "O24OpenAPI", "O24OpenAPI", "{83DE70E1-2F25-E610-2429-503927398ABA}"
	ProjectSection(SolutionItems) = preProject
		O24OpenAPI\Directory.Build.props = O24OpenAPI\Directory.Build.props
		O24OpenAPI\Directory.Packages.props = O24OpenAPI\Directory.Packages.props
	EndProjectSection
EndProject
Project("{9A19103F-16F7-4668-BE54-9A1E7A4F7556}") = "O24OpenAPI.Contracts", "O24Framework\O24OpenAPI.Contracts\O24OpenAPI.Contracts.csproj", "{B7294BE3-EDAE-44A7-AC4D-4A26B254495A}"
EndProject
Project("{9A19103F-16F7-4668-BE54-9A1E7A4F7556}") = "O24OpenAPI.GrpcContracts", "O24OpenAPI\O24OpenAPI.GrpcContracts\O24OpenAPI.GrpcContracts.csproj", "{38A4A18B-D1DF-74C3-F6A5-1E7FD271E995}"
EndProject
Project("{9A19103F-16F7-4668-BE54-9A1E7A4F7556}") = "O24OpenAPI.APIContracts", "O24OpenAPI\O24OpenAPI.APIContracts\O24OpenAPI.APIContracts.csproj", "{D8DA182F-0069-4957-B839-2B2C2CEF4B42}"
EndProject
Project("{9A19103F-16F7-4668-BE54-9A1E7A4F7556}") = "O24OpenAPI.Logging", "O24Framework\O24OpenAPI.Logging\O24OpenAPI.Logging.csproj", "{9758EA47-8EC3-41D1-AAA6-933343E8CADA}"
EndProject
Project("{2150E333-8FDC-42A3-9474-1A3956D46DE8}") = "%USERPROFILE%", "%USERPROFILE%", "{43993615-8307-4B8C-BE70-A53163F29A64}"
	ProjectSection(SolutionItems) = preProject
		.mcp.json = .mcp.json
	EndProjectSection
EndProject
Project("{FAE04EC0-301F-11D3-BF4B-00C04F79EFBC}") = "O24OpenAPI.Kit", "O24Framework\O24OpenAPI.Kit\O24OpenAPI.Kit.csproj", "{F4FF413F-136E-19A0-6E14-F808185EAF32}"
EndProject
Project("{2150E333-8FDC-42A3-9474-1A3956D46DE8}") = "O24OpenAPI.W4S", "O24OpenAPI.W4S", "{02EA681E-C7D8-13C7-8484-4AC65E1B71E8}"
EndProject
Project("{FAE04EC0-301F-11D3-BF4B-00C04F79EFBC}") = "O24OpenAPI.W4S.Domain", "O24OpenAPI\O24OpenAPI.W4S\O24OpenAPI.W4S.Domain\O24OpenAPI.W4S.Domain.csproj", "{0D3B00F5-E0F5-40D5-889C-9FEAF2F25BDC}"
EndProject
Project("{FAE04EC0-301F-11D3-BF4B-00C04F79EFBC}") = "O24OpenAPI.W4S.Infrastructure", "O24OpenAPI\O24OpenAPI.W4S\O24OpenAPI.W4S.Infrastructure\O24OpenAPI.W4S.Infrastructure.csproj", "{B4C55439-F5A9-43EB-8953-A834E2F9F25B}"
EndProject
Project("{FAE04EC0-301F-11D3-BF4B-00C04F79EFBC}") = "O24OpenAPI.W4S.API", "O24OpenAPI\O24OpenAPI.W4S\O24OpenAPI.W4S.API\O24OpenAPI.W4S.API.csproj", "{C95BDC2D-578F-461A-A71A-D3CEFDD58626}"
EndProject
Project("{2150E333-8FDC-42A3-9474-1A3956D46DE8}") = "O24OpenAPI.AI", "O24OpenAPI.AI", "{76214342-0511-4106-84C4-7B950BECAC21}"
EndProject
Project("{FAE04EC0-301F-11D3-BF4B-00C04F79EFBC}") = "O24OpenAPI.AI.API", "O24OpenAPI\O24OpenAPI.AI\O24OpenAPI.AI.API\O24OpenAPI.AI.API.csproj", "{05FD704C-7FEE-DAA7-F403-5E850FFEBFAB}"
EndProject
Project("{FAE04EC0-301F-11D3-BF4B-00C04F79EFBC}") = "O24OpenAPI.AI.Domain", "O24OpenAPI\O24OpenAPI.AI\O24OpenAPI.AI.Domain\O24OpenAPI.AI.Domain.csproj", "{56C817A4-8156-5854-C7C8-6333BC4A6C7A}"
EndProject
Project("{FAE04EC0-301F-11D3-BF4B-00C04F79EFBC}") = "O24OpenAPI.AI.Infrastructure", "O24OpenAPI\O24OpenAPI.AI\O24OpenAPI.AI.Infrastructure\O24OpenAPI.AI.Infrastructure.csproj", "{A5A3C1DA-678F-7E30-3573-C7958C86A343}"
EndProject
Project("{FAE04EC0-301F-11D3-BF4B-00C04F79EFBC}") = "O24OpenAPI.Generator", "O24Framework\O24OpenAPI.Generator\O24OpenAPI.Generator.csproj", "{774F0089-A11E-43BE-BC81-8F8302DAFDED}"
EndProject
Project("{2150E333-8FDC-42A3-9474-1A3956D46DE8}") = "O24OpenAPI.CMS", "O24OpenAPI.CMS", "{BA53B491-5629-46B3-98D3-9FA0148D6BF4}"
EndProject
Project("{FAE04EC0-301F-11D3-BF4B-00C04F79EFBC}") = "O24OpenAPI.CMS.Domain", "O24OpenAPI\O24OpenAPI.CMS\O24OpenAPI.CMS.Domain\O24OpenAPI.CMS.Domain.csproj", "{43894E71-3E01-4FEF-AAFF-1306A41DD779}"
EndProject
Project("{FAE04EC0-301F-11D3-BF4B-00C04F79EFBC}") = "O24OpenAPI.CMS.API", "O24OpenAPI\O24OpenAPI.CMS\O24OpenAPI.CMS.API\O24OpenAPI.CMS.API.csproj", "{F453BAA6-83C2-45E9-8B2B-E9F419AB80A5}"
EndProject
Project("{FAE04EC0-301F-11D3-BF4B-00C04F79EFBC}") = "O24OpenAPI.CMS.Infrastructure", "O24OpenAPI\O24OpenAPI.CMS\O24OpenAPI.CMS.Infrastructure\O24OpenAPI.CMS.Infrastructure.csproj", "{C9028D16-F2BD-4C70-94B9-9A12944C16E2}"
EndProject
Project("{2150E333-8FDC-42A3-9474-1A3956D46DE8}") = "O24OpenAPI.CTH", "O24OpenAPI.CTH", "{AB733A4F-1D7A-4ADF-BE50-198B17020306}"
EndProject
Project("{FAE04EC0-301F-11D3-BF4B-00C04F79EFBC}") = "O24OpenAPI.CTH.API", "O24OpenAPI\O24OpenAPI.CTH\O24OpenAPI.CTH.API\O24OpenAPI.CTH.API.csproj", "{C8568579-AAA3-F436-4FE1-DFC4763D4C97}"
EndProject
Project("{FAE04EC0-301F-11D3-BF4B-00C04F79EFBC}") = "O24OpenAPI.CTH.Domain", "O24OpenAPI\O24OpenAPI.CTH\O24OpenAPI.CTH.Domain\O24OpenAPI.CTH.Domain.csproj", "{27D0F097-6B36-994B-2890-451E1714643D}"
EndProject
Project("{FAE04EC0-301F-11D3-BF4B-00C04F79EFBC}") = "O24OpenAPI.CTH.Infrastructure", "O24OpenAPI\O24OpenAPI.CTH\O24OpenAPI.CTH.Infrastructure\O24OpenAPI.CTH.Infrastructure.csproj", "{9644EC9E-595D-1235-CB20-9374BD5033EF}"
EndProject
Project("{2150E333-8FDC-42A3-9474-1A3956D46DE8}") = "O24OpenAPI.WFO", "O24OpenAPI.WFO", "{26919BCA-9278-4C78-8F4B-ECD54126B1BD}"
EndProject
Project("{FAE04EC0-301F-11D3-BF4B-00C04F79EFBC}") = "O24OpenAPI.WFO.API", "O24OpenAPI\O24OpenAPI.WFO\O24OpenAPI.WFO.API\O24OpenAPI.WFO.API.csproj", "{D717737C-8959-8000-AF86-91AA94CB8A77}"
EndProject
Project("{FAE04EC0-301F-11D3-BF4B-00C04F79EFBC}") = "O24OpenAPI.WFO.Domain", "O24OpenAPI\O24OpenAPI.WFO\O24OpenAPI.WFO.Domain\O24OpenAPI.WFO.Domain.csproj", "{2D24F33F-9B96-4EBC-A9DB-620488D9A26D}"
EndProject
Project("{FAE04EC0-301F-11D3-BF4B-00C04F79EFBC}") = "O24OpenAPI.WFO.Infrastructure", "O24OpenAPI\O24OpenAPI.WFO\O24OpenAPI.WFO.Infrastructure\O24OpenAPI.WFO.Infrastructure.csproj", "{5FF8341D-CF79-4876-A387-9BE9351243E2}"
EndProject
Project("{FAE04EC0-301F-11D3-BF4B-00C04F79EFBC}") = "O24OpenAPI.NCH.API", "O24OpenAPI\O24OpenAPI.NCH\O24OpenAPI.NCH.API\O24OpenAPI.NCH.API.csproj", "{FDAA847B-FB8E-235E-7F01-A0AD108C534E}"
EndProject
Project("{FAE04EC0-301F-11D3-BF4B-00C04F79EFBC}") = "O24OpenAPI.NCH.Domain", "O24OpenAPI\O24OpenAPI.NCH\O24OpenAPI.NCH.Domain\O24OpenAPI.NCH.Domain.csproj", "{105A0CB2-469B-9A07-D176-5149F3A3B0A3}"
EndProject
Project("{FAE04EC0-301F-11D3-BF4B-00C04F79EFBC}") = "O24OpenAPI.NCH.Infrastructure", "O24OpenAPI\O24OpenAPI.NCH\O24OpenAPI.NCH.Infrastructure\O24OpenAPI.NCH.Infrastructure.csproj", "{099D9AF7-933F-0374-FB45-71518E7FBD22}"
EndProject
Project("{2150E333-8FDC-42A3-9474-1A3956D46DE8}") = "O24OpenAPI.NCH", "O24OpenAPI.NCH", "{B3AA98CC-AF34-472B-8855-EABB3A185CC1}"
EndProject
Project("{2150E333-8FDC-42A3-9474-1A3956D46DE8}") = "O24OpenAPI.Logger", "O24OpenAPI.Logger", "{4E60157A-41C0-4A6C-8FEA-5AEC2DB2144A}"
EndProject
Project("{FAE04EC0-301F-11D3-BF4B-00C04F79EFBC}") = "O24OpenAPI.Logger.Domain", "O24OpenAPI\O24OpenAPI.Logger\O24OpenAPI.Logger.Domain\O24OpenAPI.Logger.Domain.csproj", "{B1516686-68C1-45EF-82F4-17D2D46BBDE9}"
EndProject
Project("{FAE04EC0-301F-11D3-BF4B-00C04F79EFBC}") = "O24OpenAPI.Logger.Infrastructure", "O24OpenAPI\O24OpenAPI.Logger\O24OpenAPI.Logger.Infrastructure\O24OpenAPI.Logger.Infrastructure.csproj", "{23A22C97-F3D2-4B88-A3BC-286CAA834975}"
EndProject
Project("{FAE04EC0-301F-11D3-BF4B-00C04F79EFBC}") = "O24OpenAPI.Logger.API", "O24OpenAPI\O24OpenAPI.Logger\O24OpenAPI.Logger.API\O24OpenAPI.Logger.API.csproj", "{34172146-B7C7-58B6-2545-98F8B5177635}"
EndProject
Project("{2150E333-8FDC-42A3-9474-1A3956D46DE8}") = "O24OpenAPI.Report", "O24OpenAPI.Report", "{75CFD07F-C37D-46A4-8BC7-36644DF9A349}"
EndProject
Project("{FAE04EC0-301F-11D3-BF4B-00C04F79EFBC}") = "O24OpenAPI.Report.API", "O24OpenAPI\O24OpenAPI.Report\O24OpenAPI.Report.API\O24OpenAPI.Report.API.csproj", "{EE0704CC-BE33-F0C0-6B63-108D0CB212C1}"
EndProject
Project("{FAE04EC0-301F-11D3-BF4B-00C04F79EFBC}") = "O24OpenAPI.Report.Domain", "O24OpenAPI\O24OpenAPI.Report\O24OpenAPI.Report.Domain\O24OpenAPI.Report.Domain.csproj", "{E0054155-1EC3-193A-08E4-758F45A36F33}"
EndProject
Project("{FAE04EC0-301F-11D3-BF4B-00C04F79EFBC}") = "O24OpenAPI.Report.Infrastructure", "O24OpenAPI\O24OpenAPI.Report\O24OpenAPI.Report.Infrastructure\O24OpenAPI.Report.Infrastructure.csproj", "{9ACC4615-501D-3CC5-71B3-08F6C7C662D0}"
EndProject
Project("{2150E333-8FDC-42A3-9474-1A3956D46DE8}") = "O24OpenAPI.DWH", "O24OpenAPI.DWH", "{8D4E623F-D9DF-4CC3-9F0A-E6E1F0B78933}"
EndProject
Project("{FAE04EC0-301F-11D3-BF4B-00C04F79EFBC}") = "O24OpenAPI.DWH.API", "O24OpenAPI\O24OpenAPI.DWH\O24OpenAPI.DWH.API\O24OpenAPI.DWH.API.csproj", "{48D0D1A8-2723-4961-9F09-3769D24FB20B}"
EndProject
Project("{FAE04EC0-301F-11D3-BF4B-00C04F79EFBC}") = "O24OpenAPI.DWH.Domain", "O24OpenAPI\O24OpenAPI.DWH\O24OpenAPI.DWH.Domain\O24OpenAPI.DWH.Domain.csproj", "{066AD0B9-E979-4CD6-BDD1-CB98391410C8}"
EndProject
Project("{FAE04EC0-301F-11D3-BF4B-00C04F79EFBC}") = "O24OpenAPI.DWH.Infrastructure", "O24OpenAPI\O24OpenAPI.DWH\O24OpenAPI.DWH.Infrastructure\O24OpenAPI.DWH.Infrastructure.csproj", "{E3D70868-3B90-B7E8-73EC-6AC2A0EB47FE}"
EndProject
Project("{2150E333-8FDC-42A3-9474-1A3956D46DE8}") = "O24OpenAPI.ACT", "O24OpenAPI.ACT", "{13913CD0-C500-4665-8DD5-2EDCBA2B8D32}"
EndProject
Project("{FAE04EC0-301F-11D3-BF4B-00C04F79EFBC}") = "O24OpenAPI.ACT.API", "O24OpenAPI\O24OpenAPI.ACT\O24OpenAPI.ACT.API\O24OpenAPI.ACT.API.csproj", "{23BB044F-B9EE-04F9-0E5B-28CEB0848F2A}"
EndProject
Project("{FAE04EC0-301F-11D3-BF4B-00C04F79EFBC}") = "O24OpenAPI.ACT.Domain", "O24OpenAPI\O24OpenAPI.ACT\O24OpenAPI.ACT.Domain\O24OpenAPI.ACT.Domain.csproj", "{C8C826EE-B653-2195-0DE4-D3F498B85FEE}"
EndProject
Project("{FAE04EC0-301F-11D3-BF4B-00C04F79EFBC}") = "O24OpenAPI.ACT.Infrastructure", "O24OpenAPI\O24OpenAPI.ACT\O24OpenAPI.ACT.Infrastructure\O24OpenAPI.ACT.Infrastructure.csproj", "{6A7257DC-D791-42B8-CEB7-7AD06683F522}"
EndProject
Project("{2150E333-8FDC-42A3-9474-1A3956D46DE8}") = "O24OpenAPI.EXT", "O24OpenAPI.EXT", "{E48CC995-DCEE-4582-B8D6-93314D7A8476}"
EndProject
Project("{FAE04EC0-301F-11D3-BF4B-00C04F79EFBC}") = "O24OpenAPI.EXT.API", "O24OpenAPI\O24OpenAPI.EXT\O24OpenAPI.EXT.API\O24OpenAPI.EXT.API.csproj", "{4E9E6CB8-BF17-04E6-192C-2D06DD5E2FD3}"
EndProject
Project("{FAE04EC0-301F-11D3-BF4B-00C04F79EFBC}") = "O24OpenAPI.EXT.Domain", "O24OpenAPI\O24OpenAPI.EXT\O24OpenAPI.EXT.Domain\O24OpenAPI.EXT.Domain.csproj", "{2A398B12-8618-4DDE-2A5E-39FEA78874A5}"
EndProject
Project("{FAE04EC0-301F-11D3-BF4B-00C04F79EFBC}") = "O24OpenAPI.EXT.Infrastructure", "O24OpenAPI\O24OpenAPI.EXT\O24OpenAPI.EXT.Infrastructure\O24OpenAPI.EXT.Infrastructure.csproj", "{2BBE56BF-02BE-0077-E74E-66B1CC77D9A8}"
EndProject
Project("{2150E333-8FDC-42A3-9474-1A3956D46DE8}") = "O24OpenAPI.Design", "O24OpenAPI.Design", "{DDDACEB6-0C53-4E97-9E33-FE0B0B0CF08F}"
EndProject
Project("{FAE04EC0-301F-11D3-BF4B-00C04F79EFBC}") = "O24OpenAPI.Design.API", "O24OpenAPI\O24OpenAPI.Design\O24OpenAPI.Design.API\O24OpenAPI.Design.API.csproj", "{51B72A82-6E0F-058A-6560-3E227049ACF7}"
EndProject
Project("{FAE04EC0-301F-11D3-BF4B-00C04F79EFBC}") = "O24OpenAPI.Design.Domain", "O24OpenAPI\O24OpenAPI.Design\O24OpenAPI.Design.Domain\O24OpenAPI.Design.Domain.csproj", "{00216A69-4131-D7C8-6F62-465017EC210C}"
EndProject
Project("{FAE04EC0-301F-11D3-BF4B-00C04F79EFBC}") = "O24OpenAPI.Design.Infrastructure", "O24OpenAPI\O24OpenAPI.Design\O24OpenAPI.Design.Infrastructure\O24OpenAPI.Design.Infrastructure.csproj", "{A0FB9C1F-EEC6-35E2-7D9B-CDA7C16C73F7}"
EndProject
Project("{2150E333-8FDC-42A3-9474-1A3956D46DE8}") = "O24OpenAPI.PMT", "O24OpenAPI.PMT", "{2EF1D555-C005-1288-C17A-A3FD00B0B83E}"
EndProject
Project("{FAE04EC0-301F-11D3-BF4B-00C04F79EFBC}") = "O24OpenAPI.PMT.API", "O24OpenAPI\O24OpenAPI.PMT\O24OpenAPI.PMT.API\O24OpenAPI.PMT.API.csproj", "{9A27FF57-4113-4EE5-9EB8-62B0C90A5191}"
EndProject
Project("{FAE04EC0-301F-11D3-BF4B-00C04F79EFBC}") = "O24OpenAPI.PMT.Infrastructure", "O24OpenAPI\O24OpenAPI.PMT\O24OpenAPI.PMT.Infrastructure\O24OpenAPI.PMT.Infrastructure.csproj", "{7925114E-4D37-4FF0-97AF-1BFFBCD9B4AE}"
EndProject
Project("{FAE04EC0-301F-11D3-BF4B-00C04F79EFBC}") = "O24OpenAPI.PMT.Domain", "O24OpenAPI\O24OpenAPI.PMT\O24OpenAPI.PMT.Domain\O24OpenAPI.PMT.Domain.csproj", "{9701D4EA-06DF-49F1-8E41-957784CBD0B9}"
EndProject
Global
	GlobalSection(SolutionConfigurationPlatforms) = preSolution
		Debug|Any CPU = Debug|Any CPU
		Debug|x64 = Debug|x64
		Debug|x86 = Debug|x86
		Release|Any CPU = Release|Any CPU
		Release|x64 = Release|x64
		Release|x86 = Release|x86
	EndGlobalSection
	GlobalSection(ProjectConfigurationPlatforms) = postSolution
		{D9233F75-BB0C-47E4-828E-92C1D68E9AA3}.Debug|Any CPU.ActiveCfg = Debug|Any CPU
		{D9233F75-BB0C-47E4-828E-92C1D68E9AA3}.Debug|Any CPU.Build.0 = Debug|Any CPU
		{D9233F75-BB0C-47E4-828E-92C1D68E9AA3}.Debug|x64.ActiveCfg = Debug|Any CPU
		{D9233F75-BB0C-47E4-828E-92C1D68E9AA3}.Debug|x64.Build.0 = Debug|Any CPU
		{D9233F75-BB0C-47E4-828E-92C1D68E9AA3}.Debug|x86.ActiveCfg = Debug|Any CPU
		{D9233F75-BB0C-47E4-828E-92C1D68E9AA3}.Debug|x86.Build.0 = Debug|Any CPU
		{D9233F75-BB0C-47E4-828E-92C1D68E9AA3}.Release|Any CPU.ActiveCfg = Release|Any CPU
		{D9233F75-BB0C-47E4-828E-92C1D68E9AA3}.Release|Any CPU.Build.0 = Release|Any CPU
		{D9233F75-BB0C-47E4-828E-92C1D68E9AA3}.Release|x64.ActiveCfg = Release|Any CPU
		{D9233F75-BB0C-47E4-828E-92C1D68E9AA3}.Release|x64.Build.0 = Release|Any CPU
		{D9233F75-BB0C-47E4-828E-92C1D68E9AA3}.Release|x86.ActiveCfg = Release|Any CPU
		{D9233F75-BB0C-47E4-828E-92C1D68E9AA3}.Release|x86.Build.0 = Release|Any CPU
		{58306082-F57D-407F-862A-3DD9912F4A99}.Debug|Any CPU.ActiveCfg = Debug|Any CPU
		{58306082-F57D-407F-862A-3DD9912F4A99}.Debug|Any CPU.Build.0 = Debug|Any CPU
		{58306082-F57D-407F-862A-3DD9912F4A99}.Debug|x64.ActiveCfg = Debug|Any CPU
		{58306082-F57D-407F-862A-3DD9912F4A99}.Debug|x64.Build.0 = Debug|Any CPU
		{58306082-F57D-407F-862A-3DD9912F4A99}.Debug|x86.ActiveCfg = Debug|Any CPU
		{58306082-F57D-407F-862A-3DD9912F4A99}.Debug|x86.Build.0 = Debug|Any CPU
		{58306082-F57D-407F-862A-3DD9912F4A99}.Release|Any CPU.ActiveCfg = Release|Any CPU
		{58306082-F57D-407F-862A-3DD9912F4A99}.Release|Any CPU.Build.0 = Release|Any CPU
		{58306082-F57D-407F-862A-3DD9912F4A99}.Release|x64.ActiveCfg = Release|Any CPU
		{58306082-F57D-407F-862A-3DD9912F4A99}.Release|x64.Build.0 = Release|Any CPU
		{58306082-F57D-407F-862A-3DD9912F4A99}.Release|x86.ActiveCfg = Release|Any CPU
		{58306082-F57D-407F-862A-3DD9912F4A99}.Release|x86.Build.0 = Release|Any CPU
		{8525BBCD-1E72-4D36-9A6F-01D9AEB5B6F8}.Debug|Any CPU.ActiveCfg = Debug|Any CPU
		{8525BBCD-1E72-4D36-9A6F-01D9AEB5B6F8}.Debug|Any CPU.Build.0 = Debug|Any CPU
		{8525BBCD-1E72-4D36-9A6F-01D9AEB5B6F8}.Debug|x64.ActiveCfg = Debug|Any CPU
		{8525BBCD-1E72-4D36-9A6F-01D9AEB5B6F8}.Debug|x64.Build.0 = Debug|Any CPU
		{8525BBCD-1E72-4D36-9A6F-01D9AEB5B6F8}.Debug|x86.ActiveCfg = Debug|Any CPU
		{8525BBCD-1E72-4D36-9A6F-01D9AEB5B6F8}.Debug|x86.Build.0 = Debug|Any CPU
		{8525BBCD-1E72-4D36-9A6F-01D9AEB5B6F8}.Release|Any CPU.ActiveCfg = Release|Any CPU
		{8525BBCD-1E72-4D36-9A6F-01D9AEB5B6F8}.Release|Any CPU.Build.0 = Release|Any CPU
		{8525BBCD-1E72-4D36-9A6F-01D9AEB5B6F8}.Release|x64.ActiveCfg = Release|Any CPU
		{8525BBCD-1E72-4D36-9A6F-01D9AEB5B6F8}.Release|x64.Build.0 = Release|Any CPU
		{8525BBCD-1E72-4D36-9A6F-01D9AEB5B6F8}.Release|x86.ActiveCfg = Release|Any CPU
		{8525BBCD-1E72-4D36-9A6F-01D9AEB5B6F8}.Release|x86.Build.0 = Release|Any CPU
		{D860FE6B-BB56-42B7-ADFB-0CC95C4DF1F2}.Debug|Any CPU.ActiveCfg = Debug|Any CPU
		{D860FE6B-BB56-42B7-ADFB-0CC95C4DF1F2}.Debug|Any CPU.Build.0 = Debug|Any CPU
		{D860FE6B-BB56-42B7-ADFB-0CC95C4DF1F2}.Debug|x64.ActiveCfg = Debug|Any CPU
		{D860FE6B-BB56-42B7-ADFB-0CC95C4DF1F2}.Debug|x64.Build.0 = Debug|Any CPU
		{D860FE6B-BB56-42B7-ADFB-0CC95C4DF1F2}.Debug|x86.ActiveCfg = Debug|Any CPU
		{D860FE6B-BB56-42B7-ADFB-0CC95C4DF1F2}.Debug|x86.Build.0 = Debug|Any CPU
		{D860FE6B-BB56-42B7-ADFB-0CC95C4DF1F2}.Release|Any CPU.ActiveCfg = Release|Any CPU
		{D860FE6B-BB56-42B7-ADFB-0CC95C4DF1F2}.Release|Any CPU.Build.0 = Release|Any CPU
		{D860FE6B-BB56-42B7-ADFB-0CC95C4DF1F2}.Release|x64.ActiveCfg = Release|Any CPU
		{D860FE6B-BB56-42B7-ADFB-0CC95C4DF1F2}.Release|x64.Build.0 = Release|Any CPU
		{D860FE6B-BB56-42B7-ADFB-0CC95C4DF1F2}.Release|x86.ActiveCfg = Release|Any CPU
		{D860FE6B-BB56-42B7-ADFB-0CC95C4DF1F2}.Release|x86.Build.0 = Release|Any CPU
		{B7294BE3-EDAE-44A7-AC4D-4A26B254495A}.Debug|Any CPU.ActiveCfg = Debug|Any CPU
		{B7294BE3-EDAE-44A7-AC4D-4A26B254495A}.Debug|Any CPU.Build.0 = Debug|Any CPU
		{B7294BE3-EDAE-44A7-AC4D-4A26B254495A}.Debug|x64.ActiveCfg = Debug|Any CPU
		{B7294BE3-EDAE-44A7-AC4D-4A26B254495A}.Debug|x64.Build.0 = Debug|Any CPU
		{B7294BE3-EDAE-44A7-AC4D-4A26B254495A}.Debug|x86.ActiveCfg = Debug|Any CPU
		{B7294BE3-EDAE-44A7-AC4D-4A26B254495A}.Debug|x86.Build.0 = Debug|Any CPU
		{B7294BE3-EDAE-44A7-AC4D-4A26B254495A}.Release|Any CPU.ActiveCfg = Release|Any CPU
		{B7294BE3-EDAE-44A7-AC4D-4A26B254495A}.Release|Any CPU.Build.0 = Release|Any CPU
		{B7294BE3-EDAE-44A7-AC4D-4A26B254495A}.Release|x64.ActiveCfg = Release|Any CPU
		{B7294BE3-EDAE-44A7-AC4D-4A26B254495A}.Release|x64.Build.0 = Release|Any CPU
		{B7294BE3-EDAE-44A7-AC4D-4A26B254495A}.Release|x86.ActiveCfg = Release|Any CPU
		{B7294BE3-EDAE-44A7-AC4D-4A26B254495A}.Release|x86.Build.0 = Release|Any CPU
		{38A4A18B-D1DF-74C3-F6A5-1E7FD271E995}.Debug|Any CPU.ActiveCfg = Debug|Any CPU
		{38A4A18B-D1DF-74C3-F6A5-1E7FD271E995}.Debug|Any CPU.Build.0 = Debug|Any CPU
		{38A4A18B-D1DF-74C3-F6A5-1E7FD271E995}.Debug|x64.ActiveCfg = Debug|Any CPU
		{38A4A18B-D1DF-74C3-F6A5-1E7FD271E995}.Debug|x64.Build.0 = Debug|Any CPU
		{38A4A18B-D1DF-74C3-F6A5-1E7FD271E995}.Debug|x86.ActiveCfg = Debug|Any CPU
		{38A4A18B-D1DF-74C3-F6A5-1E7FD271E995}.Debug|x86.Build.0 = Debug|Any CPU
		{38A4A18B-D1DF-74C3-F6A5-1E7FD271E995}.Release|Any CPU.ActiveCfg = Release|Any CPU
		{38A4A18B-D1DF-74C3-F6A5-1E7FD271E995}.Release|Any CPU.Build.0 = Release|Any CPU
		{38A4A18B-D1DF-74C3-F6A5-1E7FD271E995}.Release|x64.ActiveCfg = Release|Any CPU
		{38A4A18B-D1DF-74C3-F6A5-1E7FD271E995}.Release|x64.Build.0 = Release|Any CPU
		{38A4A18B-D1DF-74C3-F6A5-1E7FD271E995}.Release|x86.ActiveCfg = Release|Any CPU
		{38A4A18B-D1DF-74C3-F6A5-1E7FD271E995}.Release|x86.Build.0 = Release|Any CPU
		{D8DA182F-0069-4957-B839-2B2C2CEF4B42}.Debug|Any CPU.ActiveCfg = Debug|Any CPU
		{D8DA182F-0069-4957-B839-2B2C2CEF4B42}.Debug|Any CPU.Build.0 = Debug|Any CPU
		{D8DA182F-0069-4957-B839-2B2C2CEF4B42}.Debug|x64.ActiveCfg = Debug|Any CPU
		{D8DA182F-0069-4957-B839-2B2C2CEF4B42}.Debug|x64.Build.0 = Debug|Any CPU
		{D8DA182F-0069-4957-B839-2B2C2CEF4B42}.Debug|x86.ActiveCfg = Debug|Any CPU
		{D8DA182F-0069-4957-B839-2B2C2CEF4B42}.Debug|x86.Build.0 = Debug|Any CPU
		{D8DA182F-0069-4957-B839-2B2C2CEF4B42}.Release|Any CPU.ActiveCfg = Release|Any CPU
		{D8DA182F-0069-4957-B839-2B2C2CEF4B42}.Release|Any CPU.Build.0 = Release|Any CPU
		{D8DA182F-0069-4957-B839-2B2C2CEF4B42}.Release|x64.ActiveCfg = Release|Any CPU
		{D8DA182F-0069-4957-B839-2B2C2CEF4B42}.Release|x64.Build.0 = Release|Any CPU
		{D8DA182F-0069-4957-B839-2B2C2CEF4B42}.Release|x86.ActiveCfg = Release|Any CPU
		{D8DA182F-0069-4957-B839-2B2C2CEF4B42}.Release|x86.Build.0 = Release|Any CPU
		{9758EA47-8EC3-41D1-AAA6-933343E8CADA}.Debug|Any CPU.ActiveCfg = Debug|Any CPU
		{9758EA47-8EC3-41D1-AAA6-933343E8CADA}.Debug|Any CPU.Build.0 = Debug|Any CPU
		{9758EA47-8EC3-41D1-AAA6-933343E8CADA}.Debug|x64.ActiveCfg = Debug|Any CPU
		{9758EA47-8EC3-41D1-AAA6-933343E8CADA}.Debug|x64.Build.0 = Debug|Any CPU
		{9758EA47-8EC3-41D1-AAA6-933343E8CADA}.Debug|x86.ActiveCfg = Debug|Any CPU
		{9758EA47-8EC3-41D1-AAA6-933343E8CADA}.Debug|x86.Build.0 = Debug|Any CPU
		{9758EA47-8EC3-41D1-AAA6-933343E8CADA}.Release|Any CPU.ActiveCfg = Release|Any CPU
		{9758EA47-8EC3-41D1-AAA6-933343E8CADA}.Release|Any CPU.Build.0 = Release|Any CPU
		{9758EA47-8EC3-41D1-AAA6-933343E8CADA}.Release|x64.ActiveCfg = Release|Any CPU
		{9758EA47-8EC3-41D1-AAA6-933343E8CADA}.Release|x64.Build.0 = Release|Any CPU
		{9758EA47-8EC3-41D1-AAA6-933343E8CADA}.Release|x86.ActiveCfg = Release|Any CPU
		{9758EA47-8EC3-41D1-AAA6-933343E8CADA}.Release|x86.Build.0 = Release|Any CPU
		{F4FF413F-136E-19A0-6E14-F808185EAF32}.Debug|Any CPU.ActiveCfg = Debug|Any CPU
		{F4FF413F-136E-19A0-6E14-F808185EAF32}.Debug|Any CPU.Build.0 = Debug|Any CPU
		{F4FF413F-136E-19A0-6E14-F808185EAF32}.Debug|x64.ActiveCfg = Debug|Any CPU
		{F4FF413F-136E-19A0-6E14-F808185EAF32}.Debug|x64.Build.0 = Debug|Any CPU
		{F4FF413F-136E-19A0-6E14-F808185EAF32}.Debug|x86.ActiveCfg = Debug|Any CPU
		{F4FF413F-136E-19A0-6E14-F808185EAF32}.Debug|x86.Build.0 = Debug|Any CPU
		{F4FF413F-136E-19A0-6E14-F808185EAF32}.Release|Any CPU.ActiveCfg = Release|Any CPU
		{F4FF413F-136E-19A0-6E14-F808185EAF32}.Release|Any CPU.Build.0 = Release|Any CPU
		{F4FF413F-136E-19A0-6E14-F808185EAF32}.Release|x64.ActiveCfg = Release|Any CPU
		{F4FF413F-136E-19A0-6E14-F808185EAF32}.Release|x64.Build.0 = Release|Any CPU
		{F4FF413F-136E-19A0-6E14-F808185EAF32}.Release|x86.ActiveCfg = Release|Any CPU
		{F4FF413F-136E-19A0-6E14-F808185EAF32}.Release|x86.Build.0 = Release|Any CPU
		{0D3B00F5-E0F5-40D5-889C-9FEAF2F25BDC}.Debug|Any CPU.ActiveCfg = Debug|Any CPU
		{0D3B00F5-E0F5-40D5-889C-9FEAF2F25BDC}.Debug|Any CPU.Build.0 = Debug|Any CPU
		{0D3B00F5-E0F5-40D5-889C-9FEAF2F25BDC}.Debug|x64.ActiveCfg = Debug|Any CPU
		{0D3B00F5-E0F5-40D5-889C-9FEAF2F25BDC}.Debug|x64.Build.0 = Debug|Any CPU
		{0D3B00F5-E0F5-40D5-889C-9FEAF2F25BDC}.Debug|x86.ActiveCfg = Debug|Any CPU
		{0D3B00F5-E0F5-40D5-889C-9FEAF2F25BDC}.Debug|x86.Build.0 = Debug|Any CPU
		{0D3B00F5-E0F5-40D5-889C-9FEAF2F25BDC}.Release|Any CPU.ActiveCfg = Release|Any CPU
		{0D3B00F5-E0F5-40D5-889C-9FEAF2F25BDC}.Release|Any CPU.Build.0 = Release|Any CPU
		{0D3B00F5-E0F5-40D5-889C-9FEAF2F25BDC}.Release|x64.ActiveCfg = Release|Any CPU
		{0D3B00F5-E0F5-40D5-889C-9FEAF2F25BDC}.Release|x64.Build.0 = Release|Any CPU
		{0D3B00F5-E0F5-40D5-889C-9FEAF2F25BDC}.Release|x86.ActiveCfg = Release|Any CPU
		{0D3B00F5-E0F5-40D5-889C-9FEAF2F25BDC}.Release|x86.Build.0 = Release|Any CPU
		{B4C55439-F5A9-43EB-8953-A834E2F9F25B}.Debug|Any CPU.ActiveCfg = Debug|Any CPU
		{B4C55439-F5A9-43EB-8953-A834E2F9F25B}.Debug|Any CPU.Build.0 = Debug|Any CPU
		{B4C55439-F5A9-43EB-8953-A834E2F9F25B}.Debug|x64.ActiveCfg = Debug|Any CPU
		{B4C55439-F5A9-43EB-8953-A834E2F9F25B}.Debug|x64.Build.0 = Debug|Any CPU
		{B4C55439-F5A9-43EB-8953-A834E2F9F25B}.Debug|x86.ActiveCfg = Debug|Any CPU
		{B4C55439-F5A9-43EB-8953-A834E2F9F25B}.Debug|x86.Build.0 = Debug|Any CPU
		{B4C55439-F5A9-43EB-8953-A834E2F9F25B}.Release|Any CPU.ActiveCfg = Release|Any CPU
		{B4C55439-F5A9-43EB-8953-A834E2F9F25B}.Release|Any CPU.Build.0 = Release|Any CPU
		{B4C55439-F5A9-43EB-8953-A834E2F9F25B}.Release|x64.ActiveCfg = Release|Any CPU
		{B4C55439-F5A9-43EB-8953-A834E2F9F25B}.Release|x64.Build.0 = Release|Any CPU
		{B4C55439-F5A9-43EB-8953-A834E2F9F25B}.Release|x86.ActiveCfg = Release|Any CPU
		{B4C55439-F5A9-43EB-8953-A834E2F9F25B}.Release|x86.Build.0 = Release|Any CPU
		{C95BDC2D-578F-461A-A71A-D3CEFDD58626}.Debug|Any CPU.ActiveCfg = Debug|Any CPU
		{C95BDC2D-578F-461A-A71A-D3CEFDD58626}.Debug|Any CPU.Build.0 = Debug|Any CPU
		{C95BDC2D-578F-461A-A71A-D3CEFDD58626}.Debug|x64.ActiveCfg = Debug|Any CPU
		{C95BDC2D-578F-461A-A71A-D3CEFDD58626}.Debug|x64.Build.0 = Debug|Any CPU
		{C95BDC2D-578F-461A-A71A-D3CEFDD58626}.Debug|x86.ActiveCfg = Debug|Any CPU
		{C95BDC2D-578F-461A-A71A-D3CEFDD58626}.Debug|x86.Build.0 = Debug|Any CPU
		{C95BDC2D-578F-461A-A71A-D3CEFDD58626}.Release|Any CPU.ActiveCfg = Release|Any CPU
		{C95BDC2D-578F-461A-A71A-D3CEFDD58626}.Release|Any CPU.Build.0 = Release|Any CPU
		{C95BDC2D-578F-461A-A71A-D3CEFDD58626}.Release|x64.ActiveCfg = Release|Any CPU
		{C95BDC2D-578F-461A-A71A-D3CEFDD58626}.Release|x64.Build.0 = Release|Any CPU
		{C95BDC2D-578F-461A-A71A-D3CEFDD58626}.Release|x86.ActiveCfg = Release|Any CPU
		{C95BDC2D-578F-461A-A71A-D3CEFDD58626}.Release|x86.Build.0 = Release|Any CPU
		{05FD704C-7FEE-DAA7-F403-5E850FFEBFAB}.Debug|Any CPU.ActiveCfg = Debug|Any CPU
		{05FD704C-7FEE-DAA7-F403-5E850FFEBFAB}.Debug|Any CPU.Build.0 = Debug|Any CPU
		{05FD704C-7FEE-DAA7-F403-5E850FFEBFAB}.Debug|x64.ActiveCfg = Debug|Any CPU
		{05FD704C-7FEE-DAA7-F403-5E850FFEBFAB}.Debug|x64.Build.0 = Debug|Any CPU
		{05FD704C-7FEE-DAA7-F403-5E850FFEBFAB}.Debug|x86.ActiveCfg = Debug|Any CPU
		{05FD704C-7FEE-DAA7-F403-5E850FFEBFAB}.Debug|x86.Build.0 = Debug|Any CPU
		{05FD704C-7FEE-DAA7-F403-5E850FFEBFAB}.Release|Any CPU.ActiveCfg = Release|Any CPU
		{05FD704C-7FEE-DAA7-F403-5E850FFEBFAB}.Release|Any CPU.Build.0 = Release|Any CPU
		{05FD704C-7FEE-DAA7-F403-5E850FFEBFAB}.Release|x64.ActiveCfg = Release|Any CPU
		{05FD704C-7FEE-DAA7-F403-5E850FFEBFAB}.Release|x64.Build.0 = Release|Any CPU
		{05FD704C-7FEE-DAA7-F403-5E850FFEBFAB}.Release|x86.ActiveCfg = Release|Any CPU
		{05FD704C-7FEE-DAA7-F403-5E850FFEBFAB}.Release|x86.Build.0 = Release|Any CPU
		{56C817A4-8156-5854-C7C8-6333BC4A6C7A}.Debug|Any CPU.ActiveCfg = Debug|Any CPU
		{56C817A4-8156-5854-C7C8-6333BC4A6C7A}.Debug|Any CPU.Build.0 = Debug|Any CPU
		{56C817A4-8156-5854-C7C8-6333BC4A6C7A}.Debug|x64.ActiveCfg = Debug|Any CPU
		{56C817A4-8156-5854-C7C8-6333BC4A6C7A}.Debug|x64.Build.0 = Debug|Any CPU
		{56C817A4-8156-5854-C7C8-6333BC4A6C7A}.Debug|x86.ActiveCfg = Debug|Any CPU
		{56C817A4-8156-5854-C7C8-6333BC4A6C7A}.Debug|x86.Build.0 = Debug|Any CPU
		{56C817A4-8156-5854-C7C8-6333BC4A6C7A}.Release|Any CPU.ActiveCfg = Release|Any CPU
		{56C817A4-8156-5854-C7C8-6333BC4A6C7A}.Release|Any CPU.Build.0 = Release|Any CPU
		{56C817A4-8156-5854-C7C8-6333BC4A6C7A}.Release|x64.ActiveCfg = Release|Any CPU
		{56C817A4-8156-5854-C7C8-6333BC4A6C7A}.Release|x64.Build.0 = Release|Any CPU
		{56C817A4-8156-5854-C7C8-6333BC4A6C7A}.Release|x86.ActiveCfg = Release|Any CPU
		{56C817A4-8156-5854-C7C8-6333BC4A6C7A}.Release|x86.Build.0 = Release|Any CPU
		{A5A3C1DA-678F-7E30-3573-C7958C86A343}.Debug|Any CPU.ActiveCfg = Debug|Any CPU
		{A5A3C1DA-678F-7E30-3573-C7958C86A343}.Debug|Any CPU.Build.0 = Debug|Any CPU
		{A5A3C1DA-678F-7E30-3573-C7958C86A343}.Debug|x64.ActiveCfg = Debug|Any CPU
		{A5A3C1DA-678F-7E30-3573-C7958C86A343}.Debug|x64.Build.0 = Debug|Any CPU
		{A5A3C1DA-678F-7E30-3573-C7958C86A343}.Debug|x86.ActiveCfg = Debug|Any CPU
		{A5A3C1DA-678F-7E30-3573-C7958C86A343}.Debug|x86.Build.0 = Debug|Any CPU
		{A5A3C1DA-678F-7E30-3573-C7958C86A343}.Release|Any CPU.ActiveCfg = Release|Any CPU
		{A5A3C1DA-678F-7E30-3573-C7958C86A343}.Release|Any CPU.Build.0 = Release|Any CPU
		{A5A3C1DA-678F-7E30-3573-C7958C86A343}.Release|x64.ActiveCfg = Release|Any CPU
		{A5A3C1DA-678F-7E30-3573-C7958C86A343}.Release|x64.Build.0 = Release|Any CPU
		{A5A3C1DA-678F-7E30-3573-C7958C86A343}.Release|x86.ActiveCfg = Release|Any CPU
		{A5A3C1DA-678F-7E30-3573-C7958C86A343}.Release|x86.Build.0 = Release|Any CPU
		{774F0089-A11E-43BE-BC81-8F8302DAFDED}.Debug|Any CPU.ActiveCfg = Debug|Any CPU
		{774F0089-A11E-43BE-BC81-8F8302DAFDED}.Debug|Any CPU.Build.0 = Debug|Any CPU
		{774F0089-A11E-43BE-BC81-8F8302DAFDED}.Debug|x64.ActiveCfg = Debug|Any CPU
		{774F0089-A11E-43BE-BC81-8F8302DAFDED}.Debug|x64.Build.0 = Debug|Any CPU
		{774F0089-A11E-43BE-BC81-8F8302DAFDED}.Debug|x86.ActiveCfg = Debug|Any CPU
		{774F0089-A11E-43BE-BC81-8F8302DAFDED}.Debug|x86.Build.0 = Debug|Any CPU
		{774F0089-A11E-43BE-BC81-8F8302DAFDED}.Release|Any CPU.ActiveCfg = Release|Any CPU
		{774F0089-A11E-43BE-BC81-8F8302DAFDED}.Release|Any CPU.Build.0 = Release|Any CPU
		{774F0089-A11E-43BE-BC81-8F8302DAFDED}.Release|x64.ActiveCfg = Release|Any CPU
		{774F0089-A11E-43BE-BC81-8F8302DAFDED}.Release|x64.Build.0 = Release|Any CPU
		{774F0089-A11E-43BE-BC81-8F8302DAFDED}.Release|x86.ActiveCfg = Release|Any CPU
		{774F0089-A11E-43BE-BC81-8F8302DAFDED}.Release|x86.Build.0 = Release|Any CPU
		{43894E71-3E01-4FEF-AAFF-1306A41DD779}.Debug|Any CPU.ActiveCfg = Debug|Any CPU
		{43894E71-3E01-4FEF-AAFF-1306A41DD779}.Debug|Any CPU.Build.0 = Debug|Any CPU
		{43894E71-3E01-4FEF-AAFF-1306A41DD779}.Debug|x64.ActiveCfg = Debug|Any CPU
		{43894E71-3E01-4FEF-AAFF-1306A41DD779}.Debug|x64.Build.0 = Debug|Any CPU
		{43894E71-3E01-4FEF-AAFF-1306A41DD779}.Debug|x86.ActiveCfg = Debug|Any CPU
		{43894E71-3E01-4FEF-AAFF-1306A41DD779}.Debug|x86.Build.0 = Debug|Any CPU
		{43894E71-3E01-4FEF-AAFF-1306A41DD779}.Release|Any CPU.ActiveCfg = Release|Any CPU
		{43894E71-3E01-4FEF-AAFF-1306A41DD779}.Release|Any CPU.Build.0 = Release|Any CPU
		{43894E71-3E01-4FEF-AAFF-1306A41DD779}.Release|x64.ActiveCfg = Release|Any CPU
		{43894E71-3E01-4FEF-AAFF-1306A41DD779}.Release|x64.Build.0 = Release|Any CPU
		{43894E71-3E01-4FEF-AAFF-1306A41DD779}.Release|x86.ActiveCfg = Release|Any CPU
		{43894E71-3E01-4FEF-AAFF-1306A41DD779}.Release|x86.Build.0 = Release|Any CPU
		{F453BAA6-83C2-45E9-8B2B-E9F419AB80A5}.Debug|Any CPU.ActiveCfg = Debug|Any CPU
		{F453BAA6-83C2-45E9-8B2B-E9F419AB80A5}.Debug|Any CPU.Build.0 = Debug|Any CPU
		{F453BAA6-83C2-45E9-8B2B-E9F419AB80A5}.Debug|x64.ActiveCfg = Debug|Any CPU
		{F453BAA6-83C2-45E9-8B2B-E9F419AB80A5}.Debug|x64.Build.0 = Debug|Any CPU
		{F453BAA6-83C2-45E9-8B2B-E9F419AB80A5}.Debug|x86.ActiveCfg = Debug|Any CPU
		{F453BAA6-83C2-45E9-8B2B-E9F419AB80A5}.Debug|x86.Build.0 = Debug|Any CPU
		{F453BAA6-83C2-45E9-8B2B-E9F419AB80A5}.Release|Any CPU.ActiveCfg = Release|Any CPU
		{F453BAA6-83C2-45E9-8B2B-E9F419AB80A5}.Release|Any CPU.Build.0 = Release|Any CPU
		{F453BAA6-83C2-45E9-8B2B-E9F419AB80A5}.Release|x64.ActiveCfg = Release|Any CPU
		{F453BAA6-83C2-45E9-8B2B-E9F419AB80A5}.Release|x64.Build.0 = Release|Any CPU
		{F453BAA6-83C2-45E9-8B2B-E9F419AB80A5}.Release|x86.ActiveCfg = Release|Any CPU
		{F453BAA6-83C2-45E9-8B2B-E9F419AB80A5}.Release|x86.Build.0 = Release|Any CPU
		{C9028D16-F2BD-4C70-94B9-9A12944C16E2}.Debug|Any CPU.ActiveCfg = Debug|Any CPU
		{C9028D16-F2BD-4C70-94B9-9A12944C16E2}.Debug|Any CPU.Build.0 = Debug|Any CPU
		{C9028D16-F2BD-4C70-94B9-9A12944C16E2}.Debug|x64.ActiveCfg = Debug|Any CPU
		{C9028D16-F2BD-4C70-94B9-9A12944C16E2}.Debug|x64.Build.0 = Debug|Any CPU
		{C9028D16-F2BD-4C70-94B9-9A12944C16E2}.Debug|x86.ActiveCfg = Debug|Any CPU
		{C9028D16-F2BD-4C70-94B9-9A12944C16E2}.Debug|x86.Build.0 = Debug|Any CPU
		{C9028D16-F2BD-4C70-94B9-9A12944C16E2}.Release|Any CPU.ActiveCfg = Release|Any CPU
		{C9028D16-F2BD-4C70-94B9-9A12944C16E2}.Release|Any CPU.Build.0 = Release|Any CPU
		{C9028D16-F2BD-4C70-94B9-9A12944C16E2}.Release|x64.ActiveCfg = Release|Any CPU
		{C9028D16-F2BD-4C70-94B9-9A12944C16E2}.Release|x64.Build.0 = Release|Any CPU
		{C9028D16-F2BD-4C70-94B9-9A12944C16E2}.Release|x86.ActiveCfg = Release|Any CPU
		{C9028D16-F2BD-4C70-94B9-9A12944C16E2}.Release|x86.Build.0 = Release|Any CPU
		{C8568579-AAA3-F436-4FE1-DFC4763D4C97}.Debug|Any CPU.ActiveCfg = Debug|Any CPU
		{C8568579-AAA3-F436-4FE1-DFC4763D4C97}.Debug|Any CPU.Build.0 = Debug|Any CPU
		{C8568579-AAA3-F436-4FE1-DFC4763D4C97}.Debug|x64.ActiveCfg = Debug|Any CPU
		{C8568579-AAA3-F436-4FE1-DFC4763D4C97}.Debug|x64.Build.0 = Debug|Any CPU
		{C8568579-AAA3-F436-4FE1-DFC4763D4C97}.Debug|x86.ActiveCfg = Debug|Any CPU
		{C8568579-AAA3-F436-4FE1-DFC4763D4C97}.Debug|x86.Build.0 = Debug|Any CPU
		{C8568579-AAA3-F436-4FE1-DFC4763D4C97}.Release|Any CPU.ActiveCfg = Release|Any CPU
		{C8568579-AAA3-F436-4FE1-DFC4763D4C97}.Release|Any CPU.Build.0 = Release|Any CPU
		{C8568579-AAA3-F436-4FE1-DFC4763D4C97}.Release|x64.ActiveCfg = Release|Any CPU
		{C8568579-AAA3-F436-4FE1-DFC4763D4C97}.Release|x64.Build.0 = Release|Any CPU
		{C8568579-AAA3-F436-4FE1-DFC4763D4C97}.Release|x86.ActiveCfg = Release|Any CPU
		{C8568579-AAA3-F436-4FE1-DFC4763D4C97}.Release|x86.Build.0 = Release|Any CPU
		{27D0F097-6B36-994B-2890-451E1714643D}.Debug|Any CPU.ActiveCfg = Debug|Any CPU
		{27D0F097-6B36-994B-2890-451E1714643D}.Debug|Any CPU.Build.0 = Debug|Any CPU
		{27D0F097-6B36-994B-2890-451E1714643D}.Debug|x64.ActiveCfg = Debug|Any CPU
		{27D0F097-6B36-994B-2890-451E1714643D}.Debug|x64.Build.0 = Debug|Any CPU
		{27D0F097-6B36-994B-2890-451E1714643D}.Debug|x86.ActiveCfg = Debug|Any CPU
		{27D0F097-6B36-994B-2890-451E1714643D}.Debug|x86.Build.0 = Debug|Any CPU
		{27D0F097-6B36-994B-2890-451E1714643D}.Release|Any CPU.ActiveCfg = Release|Any CPU
		{27D0F097-6B36-994B-2890-451E1714643D}.Release|Any CPU.Build.0 = Release|Any CPU
		{27D0F097-6B36-994B-2890-451E1714643D}.Release|x64.ActiveCfg = Release|Any CPU
		{27D0F097-6B36-994B-2890-451E1714643D}.Release|x64.Build.0 = Release|Any CPU
		{27D0F097-6B36-994B-2890-451E1714643D}.Release|x86.ActiveCfg = Release|Any CPU
		{27D0F097-6B36-994B-2890-451E1714643D}.Release|x86.Build.0 = Release|Any CPU
		{9644EC9E-595D-1235-CB20-9374BD5033EF}.Debug|Any CPU.ActiveCfg = Debug|Any CPU
		{9644EC9E-595D-1235-CB20-9374BD5033EF}.Debug|Any CPU.Build.0 = Debug|Any CPU
		{9644EC9E-595D-1235-CB20-9374BD5033EF}.Debug|x64.ActiveCfg = Debug|Any CPU
		{9644EC9E-595D-1235-CB20-9374BD5033EF}.Debug|x64.Build.0 = Debug|Any CPU
		{9644EC9E-595D-1235-CB20-9374BD5033EF}.Debug|x86.ActiveCfg = Debug|Any CPU
		{9644EC9E-595D-1235-CB20-9374BD5033EF}.Debug|x86.Build.0 = Debug|Any CPU
		{9644EC9E-595D-1235-CB20-9374BD5033EF}.Release|Any CPU.ActiveCfg = Release|Any CPU
		{9644EC9E-595D-1235-CB20-9374BD5033EF}.Release|Any CPU.Build.0 = Release|Any CPU
		{9644EC9E-595D-1235-CB20-9374BD5033EF}.Release|x64.ActiveCfg = Release|Any CPU
		{9644EC9E-595D-1235-CB20-9374BD5033EF}.Release|x64.Build.0 = Release|Any CPU
		{9644EC9E-595D-1235-CB20-9374BD5033EF}.Release|x86.ActiveCfg = Release|Any CPU
		{9644EC9E-595D-1235-CB20-9374BD5033EF}.Release|x86.Build.0 = Release|Any CPU
		{D717737C-8959-8000-AF86-91AA94CB8A77}.Debug|Any CPU.ActiveCfg = Debug|Any CPU
		{D717737C-8959-8000-AF86-91AA94CB8A77}.Debug|Any CPU.Build.0 = Debug|Any CPU
		{D717737C-8959-8000-AF86-91AA94CB8A77}.Debug|x64.ActiveCfg = Debug|Any CPU
		{D717737C-8959-8000-AF86-91AA94CB8A77}.Debug|x64.Build.0 = Debug|Any CPU
		{D717737C-8959-8000-AF86-91AA94CB8A77}.Debug|x86.ActiveCfg = Debug|Any CPU
		{D717737C-8959-8000-AF86-91AA94CB8A77}.Debug|x86.Build.0 = Debug|Any CPU
		{D717737C-8959-8000-AF86-91AA94CB8A77}.Release|Any CPU.ActiveCfg = Release|Any CPU
		{D717737C-8959-8000-AF86-91AA94CB8A77}.Release|Any CPU.Build.0 = Release|Any CPU
		{D717737C-8959-8000-AF86-91AA94CB8A77}.Release|x64.ActiveCfg = Release|Any CPU
		{D717737C-8959-8000-AF86-91AA94CB8A77}.Release|x64.Build.0 = Release|Any CPU
		{D717737C-8959-8000-AF86-91AA94CB8A77}.Release|x86.ActiveCfg = Release|Any CPU
		{D717737C-8959-8000-AF86-91AA94CB8A77}.Release|x86.Build.0 = Release|Any CPU
		{2D24F33F-9B96-4EBC-A9DB-620488D9A26D}.Debug|Any CPU.ActiveCfg = Debug|Any CPU
		{2D24F33F-9B96-4EBC-A9DB-620488D9A26D}.Debug|Any CPU.Build.0 = Debug|Any CPU
		{2D24F33F-9B96-4EBC-A9DB-620488D9A26D}.Debug|x64.ActiveCfg = Debug|Any CPU
		{2D24F33F-9B96-4EBC-A9DB-620488D9A26D}.Debug|x64.Build.0 = Debug|Any CPU
		{2D24F33F-9B96-4EBC-A9DB-620488D9A26D}.Debug|x86.ActiveCfg = Debug|Any CPU
		{2D24F33F-9B96-4EBC-A9DB-620488D9A26D}.Debug|x86.Build.0 = Debug|Any CPU
		{2D24F33F-9B96-4EBC-A9DB-620488D9A26D}.Release|Any CPU.ActiveCfg = Release|Any CPU
		{2D24F33F-9B96-4EBC-A9DB-620488D9A26D}.Release|Any CPU.Build.0 = Release|Any CPU
		{2D24F33F-9B96-4EBC-A9DB-620488D9A26D}.Release|x64.ActiveCfg = Release|Any CPU
		{2D24F33F-9B96-4EBC-A9DB-620488D9A26D}.Release|x64.Build.0 = Release|Any CPU
		{2D24F33F-9B96-4EBC-A9DB-620488D9A26D}.Release|x86.ActiveCfg = Release|Any CPU
		{2D24F33F-9B96-4EBC-A9DB-620488D9A26D}.Release|x86.Build.0 = Release|Any CPU
		{5FF8341D-CF79-4876-A387-9BE9351243E2}.Debug|Any CPU.ActiveCfg = Debug|Any CPU
		{5FF8341D-CF79-4876-A387-9BE9351243E2}.Debug|Any CPU.Build.0 = Debug|Any CPU
		{5FF8341D-CF79-4876-A387-9BE9351243E2}.Debug|x64.ActiveCfg = Debug|Any CPU
		{5FF8341D-CF79-4876-A387-9BE9351243E2}.Debug|x64.Build.0 = Debug|Any CPU
		{5FF8341D-CF79-4876-A387-9BE9351243E2}.Debug|x86.ActiveCfg = Debug|Any CPU
		{5FF8341D-CF79-4876-A387-9BE9351243E2}.Debug|x86.Build.0 = Debug|Any CPU
		{5FF8341D-CF79-4876-A387-9BE9351243E2}.Release|Any CPU.ActiveCfg = Release|Any CPU
		{5FF8341D-CF79-4876-A387-9BE9351243E2}.Release|Any CPU.Build.0 = Release|Any CPU
		{5FF8341D-CF79-4876-A387-9BE9351243E2}.Release|x64.ActiveCfg = Release|Any CPU
		{5FF8341D-CF79-4876-A387-9BE9351243E2}.Release|x64.Build.0 = Release|Any CPU
		{5FF8341D-CF79-4876-A387-9BE9351243E2}.Release|x86.ActiveCfg = Release|Any CPU
		{5FF8341D-CF79-4876-A387-9BE9351243E2}.Release|x86.Build.0 = Release|Any CPU
		{FDAA847B-FB8E-235E-7F01-A0AD108C534E}.Debug|Any CPU.ActiveCfg = Debug|Any CPU
		{FDAA847B-FB8E-235E-7F01-A0AD108C534E}.Debug|Any CPU.Build.0 = Debug|Any CPU
		{FDAA847B-FB8E-235E-7F01-A0AD108C534E}.Debug|x64.ActiveCfg = Debug|Any CPU
		{FDAA847B-FB8E-235E-7F01-A0AD108C534E}.Debug|x64.Build.0 = Debug|Any CPU
		{FDAA847B-FB8E-235E-7F01-A0AD108C534E}.Debug|x86.ActiveCfg = Debug|Any CPU
		{FDAA847B-FB8E-235E-7F01-A0AD108C534E}.Debug|x86.Build.0 = Debug|Any CPU
		{FDAA847B-FB8E-235E-7F01-A0AD108C534E}.Release|Any CPU.ActiveCfg = Release|Any CPU
		{FDAA847B-FB8E-235E-7F01-A0AD108C534E}.Release|Any CPU.Build.0 = Release|Any CPU
		{FDAA847B-FB8E-235E-7F01-A0AD108C534E}.Release|x64.ActiveCfg = Release|Any CPU
		{FDAA847B-FB8E-235E-7F01-A0AD108C534E}.Release|x64.Build.0 = Release|Any CPU
		{FDAA847B-FB8E-235E-7F01-A0AD108C534E}.Release|x86.ActiveCfg = Release|Any CPU
		{FDAA847B-FB8E-235E-7F01-A0AD108C534E}.Release|x86.Build.0 = Release|Any CPU
		{105A0CB2-469B-9A07-D176-5149F3A3B0A3}.Debug|Any CPU.ActiveCfg = Debug|Any CPU
		{105A0CB2-469B-9A07-D176-5149F3A3B0A3}.Debug|Any CPU.Build.0 = Debug|Any CPU
		{105A0CB2-469B-9A07-D176-5149F3A3B0A3}.Debug|x64.ActiveCfg = Debug|Any CPU
		{105A0CB2-469B-9A07-D176-5149F3A3B0A3}.Debug|x64.Build.0 = Debug|Any CPU
		{105A0CB2-469B-9A07-D176-5149F3A3B0A3}.Debug|x86.ActiveCfg = Debug|Any CPU
		{105A0CB2-469B-9A07-D176-5149F3A3B0A3}.Debug|x86.Build.0 = Debug|Any CPU
		{105A0CB2-469B-9A07-D176-5149F3A3B0A3}.Release|Any CPU.ActiveCfg = Release|Any CPU
		{105A0CB2-469B-9A07-D176-5149F3A3B0A3}.Release|Any CPU.Build.0 = Release|Any CPU
		{105A0CB2-469B-9A07-D176-5149F3A3B0A3}.Release|x64.ActiveCfg = Release|Any CPU
		{105A0CB2-469B-9A07-D176-5149F3A3B0A3}.Release|x64.Build.0 = Release|Any CPU
		{105A0CB2-469B-9A07-D176-5149F3A3B0A3}.Release|x86.ActiveCfg = Release|Any CPU
		{105A0CB2-469B-9A07-D176-5149F3A3B0A3}.Release|x86.Build.0 = Release|Any CPU
		{099D9AF7-933F-0374-FB45-71518E7FBD22}.Debug|Any CPU.ActiveCfg = Debug|Any CPU
		{099D9AF7-933F-0374-FB45-71518E7FBD22}.Debug|Any CPU.Build.0 = Debug|Any CPU
		{099D9AF7-933F-0374-FB45-71518E7FBD22}.Debug|x64.ActiveCfg = Debug|Any CPU
		{099D9AF7-933F-0374-FB45-71518E7FBD22}.Debug|x64.Build.0 = Debug|Any CPU
		{099D9AF7-933F-0374-FB45-71518E7FBD22}.Debug|x86.ActiveCfg = Debug|Any CPU
		{099D9AF7-933F-0374-FB45-71518E7FBD22}.Debug|x86.Build.0 = Debug|Any CPU
		{099D9AF7-933F-0374-FB45-71518E7FBD22}.Release|Any CPU.ActiveCfg = Release|Any CPU
		{099D9AF7-933F-0374-FB45-71518E7FBD22}.Release|Any CPU.Build.0 = Release|Any CPU
		{099D9AF7-933F-0374-FB45-71518E7FBD22}.Release|x64.ActiveCfg = Release|Any CPU
		{099D9AF7-933F-0374-FB45-71518E7FBD22}.Release|x64.Build.0 = Release|Any CPU
		{099D9AF7-933F-0374-FB45-71518E7FBD22}.Release|x86.ActiveCfg = Release|Any CPU
		{099D9AF7-933F-0374-FB45-71518E7FBD22}.Release|x86.Build.0 = Release|Any CPU
		{B1516686-68C1-45EF-82F4-17D2D46BBDE9}.Debug|Any CPU.ActiveCfg = Debug|Any CPU
		{B1516686-68C1-45EF-82F4-17D2D46BBDE9}.Debug|Any CPU.Build.0 = Debug|Any CPU
		{B1516686-68C1-45EF-82F4-17D2D46BBDE9}.Debug|x64.ActiveCfg = Debug|Any CPU
		{B1516686-68C1-45EF-82F4-17D2D46BBDE9}.Debug|x64.Build.0 = Debug|Any CPU
		{B1516686-68C1-45EF-82F4-17D2D46BBDE9}.Debug|x86.ActiveCfg = Debug|Any CPU
		{B1516686-68C1-45EF-82F4-17D2D46BBDE9}.Debug|x86.Build.0 = Debug|Any CPU
		{B1516686-68C1-45EF-82F4-17D2D46BBDE9}.Release|Any CPU.ActiveCfg = Release|Any CPU
		{B1516686-68C1-45EF-82F4-17D2D46BBDE9}.Release|Any CPU.Build.0 = Release|Any CPU
		{B1516686-68C1-45EF-82F4-17D2D46BBDE9}.Release|x64.ActiveCfg = Release|Any CPU
		{B1516686-68C1-45EF-82F4-17D2D46BBDE9}.Release|x64.Build.0 = Release|Any CPU
		{B1516686-68C1-45EF-82F4-17D2D46BBDE9}.Release|x86.ActiveCfg = Release|Any CPU
		{B1516686-68C1-45EF-82F4-17D2D46BBDE9}.Release|x86.Build.0 = Release|Any CPU
		{23A22C97-F3D2-4B88-A3BC-286CAA834975}.Debug|Any CPU.ActiveCfg = Debug|Any CPU
		{23A22C97-F3D2-4B88-A3BC-286CAA834975}.Debug|Any CPU.Build.0 = Debug|Any CPU
		{23A22C97-F3D2-4B88-A3BC-286CAA834975}.Debug|x64.ActiveCfg = Debug|Any CPU
		{23A22C97-F3D2-4B88-A3BC-286CAA834975}.Debug|x64.Build.0 = Debug|Any CPU
		{23A22C97-F3D2-4B88-A3BC-286CAA834975}.Debug|x86.ActiveCfg = Debug|Any CPU
		{23A22C97-F3D2-4B88-A3BC-286CAA834975}.Debug|x86.Build.0 = Debug|Any CPU
		{23A22C97-F3D2-4B88-A3BC-286CAA834975}.Release|Any CPU.ActiveCfg = Release|Any CPU
		{23A22C97-F3D2-4B88-A3BC-286CAA834975}.Release|Any CPU.Build.0 = Release|Any CPU
		{23A22C97-F3D2-4B88-A3BC-286CAA834975}.Release|x64.ActiveCfg = Release|Any CPU
		{23A22C97-F3D2-4B88-A3BC-286CAA834975}.Release|x64.Build.0 = Release|Any CPU
		{23A22C97-F3D2-4B88-A3BC-286CAA834975}.Release|x86.ActiveCfg = Release|Any CPU
		{23A22C97-F3D2-4B88-A3BC-286CAA834975}.Release|x86.Build.0 = Release|Any CPU
		{34172146-B7C7-58B6-2545-98F8B5177635}.Debug|Any CPU.ActiveCfg = Debug|Any CPU
		{34172146-B7C7-58B6-2545-98F8B5177635}.Debug|Any CPU.Build.0 = Debug|Any CPU
		{34172146-B7C7-58B6-2545-98F8B5177635}.Debug|x64.ActiveCfg = Debug|Any CPU
		{34172146-B7C7-58B6-2545-98F8B5177635}.Debug|x64.Build.0 = Debug|Any CPU
		{34172146-B7C7-58B6-2545-98F8B5177635}.Debug|x86.ActiveCfg = Debug|Any CPU
		{34172146-B7C7-58B6-2545-98F8B5177635}.Debug|x86.Build.0 = Debug|Any CPU
		{34172146-B7C7-58B6-2545-98F8B5177635}.Release|Any CPU.ActiveCfg = Release|Any CPU
		{34172146-B7C7-58B6-2545-98F8B5177635}.Release|Any CPU.Build.0 = Release|Any CPU
		{34172146-B7C7-58B6-2545-98F8B5177635}.Release|x64.ActiveCfg = Release|Any CPU
		{34172146-B7C7-58B6-2545-98F8B5177635}.Release|x64.Build.0 = Release|Any CPU
		{34172146-B7C7-58B6-2545-98F8B5177635}.Release|x86.ActiveCfg = Release|Any CPU
		{34172146-B7C7-58B6-2545-98F8B5177635}.Release|x86.Build.0 = Release|Any CPU
		{EE0704CC-BE33-F0C0-6B63-108D0CB212C1}.Debug|Any CPU.ActiveCfg = Debug|Any CPU
		{EE0704CC-BE33-F0C0-6B63-108D0CB212C1}.Debug|Any CPU.Build.0 = Debug|Any CPU
		{EE0704CC-BE33-F0C0-6B63-108D0CB212C1}.Debug|x64.ActiveCfg = Debug|Any CPU
		{EE0704CC-BE33-F0C0-6B63-108D0CB212C1}.Debug|x64.Build.0 = Debug|Any CPU
		{EE0704CC-BE33-F0C0-6B63-108D0CB212C1}.Debug|x86.ActiveCfg = Debug|Any CPU
		{EE0704CC-BE33-F0C0-6B63-108D0CB212C1}.Debug|x86.Build.0 = Debug|Any CPU
		{EE0704CC-BE33-F0C0-6B63-108D0CB212C1}.Release|Any CPU.ActiveCfg = Release|Any CPU
		{EE0704CC-BE33-F0C0-6B63-108D0CB212C1}.Release|Any CPU.Build.0 = Release|Any CPU
		{EE0704CC-BE33-F0C0-6B63-108D0CB212C1}.Release|x64.ActiveCfg = Release|Any CPU
		{EE0704CC-BE33-F0C0-6B63-108D0CB212C1}.Release|x64.Build.0 = Release|Any CPU
		{EE0704CC-BE33-F0C0-6B63-108D0CB212C1}.Release|x86.ActiveCfg = Release|Any CPU
		{EE0704CC-BE33-F0C0-6B63-108D0CB212C1}.Release|x86.Build.0 = Release|Any CPU
		{E0054155-1EC3-193A-08E4-758F45A36F33}.Debug|Any CPU.ActiveCfg = Debug|Any CPU
		{E0054155-1EC3-193A-08E4-758F45A36F33}.Debug|Any CPU.Build.0 = Debug|Any CPU
		{E0054155-1EC3-193A-08E4-758F45A36F33}.Debug|x64.ActiveCfg = Debug|Any CPU
		{E0054155-1EC3-193A-08E4-758F45A36F33}.Debug|x64.Build.0 = Debug|Any CPU
		{E0054155-1EC3-193A-08E4-758F45A36F33}.Debug|x86.ActiveCfg = Debug|Any CPU
		{E0054155-1EC3-193A-08E4-758F45A36F33}.Debug|x86.Build.0 = Debug|Any CPU
		{E0054155-1EC3-193A-08E4-758F45A36F33}.Release|Any CPU.ActiveCfg = Release|Any CPU
		{E0054155-1EC3-193A-08E4-758F45A36F33}.Release|Any CPU.Build.0 = Release|Any CPU
		{E0054155-1EC3-193A-08E4-758F45A36F33}.Release|x64.ActiveCfg = Release|Any CPU
		{E0054155-1EC3-193A-08E4-758F45A36F33}.Release|x64.Build.0 = Release|Any CPU
		{E0054155-1EC3-193A-08E4-758F45A36F33}.Release|x86.ActiveCfg = Release|Any CPU
		{E0054155-1EC3-193A-08E4-758F45A36F33}.Release|x86.Build.0 = Release|Any CPU
		{9ACC4615-501D-3CC5-71B3-08F6C7C662D0}.Debug|Any CPU.ActiveCfg = Debug|Any CPU
		{9ACC4615-501D-3CC5-71B3-08F6C7C662D0}.Debug|Any CPU.Build.0 = Debug|Any CPU
		{9ACC4615-501D-3CC5-71B3-08F6C7C662D0}.Debug|x64.ActiveCfg = Debug|Any CPU
		{9ACC4615-501D-3CC5-71B3-08F6C7C662D0}.Debug|x64.Build.0 = Debug|Any CPU
		{9ACC4615-501D-3CC5-71B3-08F6C7C662D0}.Debug|x86.ActiveCfg = Debug|Any CPU
		{9ACC4615-501D-3CC5-71B3-08F6C7C662D0}.Debug|x86.Build.0 = Debug|Any CPU
		{9ACC4615-501D-3CC5-71B3-08F6C7C662D0}.Release|Any CPU.ActiveCfg = Release|Any CPU
		{9ACC4615-501D-3CC5-71B3-08F6C7C662D0}.Release|Any CPU.Build.0 = Release|Any CPU
		{9ACC4615-501D-3CC5-71B3-08F6C7C662D0}.Release|x64.ActiveCfg = Release|Any CPU
		{9ACC4615-501D-3CC5-71B3-08F6C7C662D0}.Release|x64.Build.0 = Release|Any CPU
		{9ACC4615-501D-3CC5-71B3-08F6C7C662D0}.Release|x86.ActiveCfg = Release|Any CPU
		{9ACC4615-501D-3CC5-71B3-08F6C7C662D0}.Release|x86.Build.0 = Release|Any CPU
		{48D0D1A8-2723-4961-9F09-3769D24FB20B}.Debug|Any CPU.ActiveCfg = Debug|Any CPU
		{48D0D1A8-2723-4961-9F09-3769D24FB20B}.Debug|Any CPU.Build.0 = Debug|Any CPU
		{48D0D1A8-2723-4961-9F09-3769D24FB20B}.Debug|x64.ActiveCfg = Debug|Any CPU
		{48D0D1A8-2723-4961-9F09-3769D24FB20B}.Debug|x64.Build.0 = Debug|Any CPU
		{48D0D1A8-2723-4961-9F09-3769D24FB20B}.Debug|x86.ActiveCfg = Debug|Any CPU
		{48D0D1A8-2723-4961-9F09-3769D24FB20B}.Debug|x86.Build.0 = Debug|Any CPU
		{48D0D1A8-2723-4961-9F09-3769D24FB20B}.Release|Any CPU.ActiveCfg = Release|Any CPU
		{48D0D1A8-2723-4961-9F09-3769D24FB20B}.Release|Any CPU.Build.0 = Release|Any CPU
		{48D0D1A8-2723-4961-9F09-3769D24FB20B}.Release|x64.ActiveCfg = Release|Any CPU
		{48D0D1A8-2723-4961-9F09-3769D24FB20B}.Release|x64.Build.0 = Release|Any CPU
		{48D0D1A8-2723-4961-9F09-3769D24FB20B}.Release|x86.ActiveCfg = Release|Any CPU
		{48D0D1A8-2723-4961-9F09-3769D24FB20B}.Release|x86.Build.0 = Release|Any CPU
		{066AD0B9-E979-4CD6-BDD1-CB98391410C8}.Debug|Any CPU.ActiveCfg = Debug|Any CPU
		{066AD0B9-E979-4CD6-BDD1-CB98391410C8}.Debug|Any CPU.Build.0 = Debug|Any CPU
		{066AD0B9-E979-4CD6-BDD1-CB98391410C8}.Debug|x64.ActiveCfg = Debug|Any CPU
		{066AD0B9-E979-4CD6-BDD1-CB98391410C8}.Debug|x64.Build.0 = Debug|Any CPU
		{066AD0B9-E979-4CD6-BDD1-CB98391410C8}.Debug|x86.ActiveCfg = Debug|Any CPU
		{066AD0B9-E979-4CD6-BDD1-CB98391410C8}.Debug|x86.Build.0 = Debug|Any CPU
		{066AD0B9-E979-4CD6-BDD1-CB98391410C8}.Release|Any CPU.ActiveCfg = Release|Any CPU
		{066AD0B9-E979-4CD6-BDD1-CB98391410C8}.Release|Any CPU.Build.0 = Release|Any CPU
		{066AD0B9-E979-4CD6-BDD1-CB98391410C8}.Release|x64.ActiveCfg = Release|Any CPU
		{066AD0B9-E979-4CD6-BDD1-CB98391410C8}.Release|x64.Build.0 = Release|Any CPU
		{066AD0B9-E979-4CD6-BDD1-CB98391410C8}.Release|x86.ActiveCfg = Release|Any CPU
		{066AD0B9-E979-4CD6-BDD1-CB98391410C8}.Release|x86.Build.0 = Release|Any CPU
		{E3D70868-3B90-B7E8-73EC-6AC2A0EB47FE}.Debug|Any CPU.ActiveCfg = Debug|Any CPU
		{E3D70868-3B90-B7E8-73EC-6AC2A0EB47FE}.Debug|Any CPU.Build.0 = Debug|Any CPU
		{E3D70868-3B90-B7E8-73EC-6AC2A0EB47FE}.Debug|x64.ActiveCfg = Debug|Any CPU
		{E3D70868-3B90-B7E8-73EC-6AC2A0EB47FE}.Debug|x64.Build.0 = Debug|Any CPU
		{E3D70868-3B90-B7E8-73EC-6AC2A0EB47FE}.Debug|x86.ActiveCfg = Debug|Any CPU
		{E3D70868-3B90-B7E8-73EC-6AC2A0EB47FE}.Debug|x86.Build.0 = Debug|Any CPU
		{E3D70868-3B90-B7E8-73EC-6AC2A0EB47FE}.Release|Any CPU.ActiveCfg = Release|Any CPU
		{E3D70868-3B90-B7E8-73EC-6AC2A0EB47FE}.Release|Any CPU.Build.0 = Release|Any CPU
		{E3D70868-3B90-B7E8-73EC-6AC2A0EB47FE}.Release|x64.ActiveCfg = Release|Any CPU
		{E3D70868-3B90-B7E8-73EC-6AC2A0EB47FE}.Release|x64.Build.0 = Release|Any CPU
		{E3D70868-3B90-B7E8-73EC-6AC2A0EB47FE}.Release|x86.ActiveCfg = Release|Any CPU
		{E3D70868-3B90-B7E8-73EC-6AC2A0EB47FE}.Release|x86.Build.0 = Release|Any CPU
		{23BB044F-B9EE-04F9-0E5B-28CEB0848F2A}.Debug|Any CPU.ActiveCfg = Debug|Any CPU
		{23BB044F-B9EE-04F9-0E5B-28CEB0848F2A}.Debug|Any CPU.Build.0 = Debug|Any CPU
		{23BB044F-B9EE-04F9-0E5B-28CEB0848F2A}.Debug|x64.ActiveCfg = Debug|Any CPU
		{23BB044F-B9EE-04F9-0E5B-28CEB0848F2A}.Debug|x64.Build.0 = Debug|Any CPU
		{23BB044F-B9EE-04F9-0E5B-28CEB0848F2A}.Debug|x86.ActiveCfg = Debug|Any CPU
		{23BB044F-B9EE-04F9-0E5B-28CEB0848F2A}.Debug|x86.Build.0 = Debug|Any CPU
		{23BB044F-B9EE-04F9-0E5B-28CEB0848F2A}.Release|Any CPU.ActiveCfg = Release|Any CPU
		{23BB044F-B9EE-04F9-0E5B-28CEB0848F2A}.Release|Any CPU.Build.0 = Release|Any CPU
		{23BB044F-B9EE-04F9-0E5B-28CEB0848F2A}.Release|x64.ActiveCfg = Release|Any CPU
		{23BB044F-B9EE-04F9-0E5B-28CEB0848F2A}.Release|x64.Build.0 = Release|Any CPU
		{23BB044F-B9EE-04F9-0E5B-28CEB0848F2A}.Release|x86.ActiveCfg = Release|Any CPU
		{23BB044F-B9EE-04F9-0E5B-28CEB0848F2A}.Release|x86.Build.0 = Release|Any CPU
		{C8C826EE-B653-2195-0DE4-D3F498B85FEE}.Debug|Any CPU.ActiveCfg = Debug|Any CPU
		{C8C826EE-B653-2195-0DE4-D3F498B85FEE}.Debug|Any CPU.Build.0 = Debug|Any CPU
		{C8C826EE-B653-2195-0DE4-D3F498B85FEE}.Debug|x64.ActiveCfg = Debug|Any CPU
		{C8C826EE-B653-2195-0DE4-D3F498B85FEE}.Debug|x64.Build.0 = Debug|Any CPU
		{C8C826EE-B653-2195-0DE4-D3F498B85FEE}.Debug|x86.ActiveCfg = Debug|Any CPU
		{C8C826EE-B653-2195-0DE4-D3F498B85FEE}.Debug|x86.Build.0 = Debug|Any CPU
		{C8C826EE-B653-2195-0DE4-D3F498B85FEE}.Release|Any CPU.ActiveCfg = Release|Any CPU
		{C8C826EE-B653-2195-0DE4-D3F498B85FEE}.Release|Any CPU.Build.0 = Release|Any CPU
		{C8C826EE-B653-2195-0DE4-D3F498B85FEE}.Release|x64.ActiveCfg = Release|Any CPU
		{C8C826EE-B653-2195-0DE4-D3F498B85FEE}.Release|x64.Build.0 = Release|Any CPU
		{C8C826EE-B653-2195-0DE4-D3F498B85FEE}.Release|x86.ActiveCfg = Release|Any CPU
		{C8C826EE-B653-2195-0DE4-D3F498B85FEE}.Release|x86.Build.0 = Release|Any CPU
		{6A7257DC-D791-42B8-CEB7-7AD06683F522}.Debug|Any CPU.ActiveCfg = Debug|Any CPU
		{6A7257DC-D791-42B8-CEB7-7AD06683F522}.Debug|Any CPU.Build.0 = Debug|Any CPU
		{6A7257DC-D791-42B8-CEB7-7AD06683F522}.Debug|x64.ActiveCfg = Debug|Any CPU
		{6A7257DC-D791-42B8-CEB7-7AD06683F522}.Debug|x64.Build.0 = Debug|Any CPU
		{6A7257DC-D791-42B8-CEB7-7AD06683F522}.Debug|x86.ActiveCfg = Debug|Any CPU
		{6A7257DC-D791-42B8-CEB7-7AD06683F522}.Debug|x86.Build.0 = Debug|Any CPU
		{6A7257DC-D791-42B8-CEB7-7AD06683F522}.Release|Any CPU.ActiveCfg = Release|Any CPU
		{6A7257DC-D791-42B8-CEB7-7AD06683F522}.Release|Any CPU.Build.0 = Release|Any CPU
		{6A7257DC-D791-42B8-CEB7-7AD06683F522}.Release|x64.ActiveCfg = Release|Any CPU
		{6A7257DC-D791-42B8-CEB7-7AD06683F522}.Release|x64.Build.0 = Release|Any CPU
		{6A7257DC-D791-42B8-CEB7-7AD06683F522}.Release|x86.ActiveCfg = Release|Any CPU
		{6A7257DC-D791-42B8-CEB7-7AD06683F522}.Release|x86.Build.0 = Release|Any CPU
		{4E9E6CB8-BF17-04E6-192C-2D06DD5E2FD3}.Debug|Any CPU.ActiveCfg = Debug|Any CPU
		{4E9E6CB8-BF17-04E6-192C-2D06DD5E2FD3}.Debug|Any CPU.Build.0 = Debug|Any CPU
		{4E9E6CB8-BF17-04E6-192C-2D06DD5E2FD3}.Debug|x64.ActiveCfg = Debug|Any CPU
		{4E9E6CB8-BF17-04E6-192C-2D06DD5E2FD3}.Debug|x64.Build.0 = Debug|Any CPU
		{4E9E6CB8-BF17-04E6-192C-2D06DD5E2FD3}.Debug|x86.ActiveCfg = Debug|Any CPU
		{4E9E6CB8-BF17-04E6-192C-2D06DD5E2FD3}.Debug|x86.Build.0 = Debug|Any CPU
		{4E9E6CB8-BF17-04E6-192C-2D06DD5E2FD3}.Release|Any CPU.ActiveCfg = Release|Any CPU
		{4E9E6CB8-BF17-04E6-192C-2D06DD5E2FD3}.Release|Any CPU.Build.0 = Release|Any CPU
		{4E9E6CB8-BF17-04E6-192C-2D06DD5E2FD3}.Release|x64.ActiveCfg = Release|Any CPU
		{4E9E6CB8-BF17-04E6-192C-2D06DD5E2FD3}.Release|x64.Build.0 = Release|Any CPU
		{4E9E6CB8-BF17-04E6-192C-2D06DD5E2FD3}.Release|x86.ActiveCfg = Release|Any CPU
		{4E9E6CB8-BF17-04E6-192C-2D06DD5E2FD3}.Release|x86.Build.0 = Release|Any CPU
		{2A398B12-8618-4DDE-2A5E-39FEA78874A5}.Debug|Any CPU.ActiveCfg = Debug|Any CPU
		{2A398B12-8618-4DDE-2A5E-39FEA78874A5}.Debug|Any CPU.Build.0 = Debug|Any CPU
		{2A398B12-8618-4DDE-2A5E-39FEA78874A5}.Debug|x64.ActiveCfg = Debug|Any CPU
		{2A398B12-8618-4DDE-2A5E-39FEA78874A5}.Debug|x64.Build.0 = Debug|Any CPU
		{2A398B12-8618-4DDE-2A5E-39FEA78874A5}.Debug|x86.ActiveCfg = Debug|Any CPU
		{2A398B12-8618-4DDE-2A5E-39FEA78874A5}.Debug|x86.Build.0 = Debug|Any CPU
		{2A398B12-8618-4DDE-2A5E-39FEA78874A5}.Release|Any CPU.ActiveCfg = Release|Any CPU
		{2A398B12-8618-4DDE-2A5E-39FEA78874A5}.Release|Any CPU.Build.0 = Release|Any CPU
		{2A398B12-8618-4DDE-2A5E-39FEA78874A5}.Release|x64.ActiveCfg = Release|Any CPU
		{2A398B12-8618-4DDE-2A5E-39FEA78874A5}.Release|x64.Build.0 = Release|Any CPU
		{2A398B12-8618-4DDE-2A5E-39FEA78874A5}.Release|x86.ActiveCfg = Release|Any CPU
		{2A398B12-8618-4DDE-2A5E-39FEA78874A5}.Release|x86.Build.0 = Release|Any CPU
		{2BBE56BF-02BE-0077-E74E-66B1CC77D9A8}.Debug|Any CPU.ActiveCfg = Debug|Any CPU
		{2BBE56BF-02BE-0077-E74E-66B1CC77D9A8}.Debug|Any CPU.Build.0 = Debug|Any CPU
		{2BBE56BF-02BE-0077-E74E-66B1CC77D9A8}.Debug|x64.ActiveCfg = Debug|Any CPU
		{2BBE56BF-02BE-0077-E74E-66B1CC77D9A8}.Debug|x64.Build.0 = Debug|Any CPU
		{2BBE56BF-02BE-0077-E74E-66B1CC77D9A8}.Debug|x86.ActiveCfg = Debug|Any CPU
		{2BBE56BF-02BE-0077-E74E-66B1CC77D9A8}.Debug|x86.Build.0 = Debug|Any CPU
		{2BBE56BF-02BE-0077-E74E-66B1CC77D9A8}.Release|Any CPU.ActiveCfg = Release|Any CPU
		{2BBE56BF-02BE-0077-E74E-66B1CC77D9A8}.Release|Any CPU.Build.0 = Release|Any CPU
		{2BBE56BF-02BE-0077-E74E-66B1CC77D9A8}.Release|x64.ActiveCfg = Release|Any CPU
		{2BBE56BF-02BE-0077-E74E-66B1CC77D9A8}.Release|x64.Build.0 = Release|Any CPU
		{2BBE56BF-02BE-0077-E74E-66B1CC77D9A8}.Release|x86.ActiveCfg = Release|Any CPU
		{2BBE56BF-02BE-0077-E74E-66B1CC77D9A8}.Release|x86.Build.0 = Release|Any CPU
		{51B72A82-6E0F-058A-6560-3E227049ACF7}.Debug|Any CPU.ActiveCfg = Debug|Any CPU
		{51B72A82-6E0F-058A-6560-3E227049ACF7}.Debug|Any CPU.Build.0 = Debug|Any CPU
		{51B72A82-6E0F-058A-6560-3E227049ACF7}.Debug|x64.ActiveCfg = Debug|Any CPU
		{51B72A82-6E0F-058A-6560-3E227049ACF7}.Debug|x64.Build.0 = Debug|Any CPU
		{51B72A82-6E0F-058A-6560-3E227049ACF7}.Debug|x86.ActiveCfg = Debug|Any CPU
		{51B72A82-6E0F-058A-6560-3E227049ACF7}.Debug|x86.Build.0 = Debug|Any CPU
		{51B72A82-6E0F-058A-6560-3E227049ACF7}.Release|Any CPU.ActiveCfg = Release|Any CPU
		{51B72A82-6E0F-058A-6560-3E227049ACF7}.Release|Any CPU.Build.0 = Release|Any CPU
		{51B72A82-6E0F-058A-6560-3E227049ACF7}.Release|x64.ActiveCfg = Release|Any CPU
		{51B72A82-6E0F-058A-6560-3E227049ACF7}.Release|x64.Build.0 = Release|Any CPU
		{51B72A82-6E0F-058A-6560-3E227049ACF7}.Release|x86.ActiveCfg = Release|Any CPU
		{51B72A82-6E0F-058A-6560-3E227049ACF7}.Release|x86.Build.0 = Release|Any CPU
		{00216A69-4131-D7C8-6F62-465017EC210C}.Debug|Any CPU.ActiveCfg = Debug|Any CPU
		{00216A69-4131-D7C8-6F62-465017EC210C}.Debug|Any CPU.Build.0 = Debug|Any CPU
		{00216A69-4131-D7C8-6F62-465017EC210C}.Debug|x64.ActiveCfg = Debug|Any CPU
		{00216A69-4131-D7C8-6F62-465017EC210C}.Debug|x64.Build.0 = Debug|Any CPU
		{00216A69-4131-D7C8-6F62-465017EC210C}.Debug|x86.ActiveCfg = Debug|Any CPU
		{00216A69-4131-D7C8-6F62-465017EC210C}.Debug|x86.Build.0 = Debug|Any CPU
		{00216A69-4131-D7C8-6F62-465017EC210C}.Release|Any CPU.ActiveCfg = Release|Any CPU
		{00216A69-4131-D7C8-6F62-465017EC210C}.Release|Any CPU.Build.0 = Release|Any CPU
		{00216A69-4131-D7C8-6F62-465017EC210C}.Release|x64.ActiveCfg = Release|Any CPU
		{00216A69-4131-D7C8-6F62-465017EC210C}.Release|x64.Build.0 = Release|Any CPU
		{00216A69-4131-D7C8-6F62-465017EC210C}.Release|x86.ActiveCfg = Release|Any CPU
		{00216A69-4131-D7C8-6F62-465017EC210C}.Release|x86.Build.0 = Release|Any CPU
		{A0FB9C1F-EEC6-35E2-7D9B-CDA7C16C73F7}.Debug|Any CPU.ActiveCfg = Debug|Any CPU
		{A0FB9C1F-EEC6-35E2-7D9B-CDA7C16C73F7}.Debug|Any CPU.Build.0 = Debug|Any CPU
		{A0FB9C1F-EEC6-35E2-7D9B-CDA7C16C73F7}.Debug|x64.ActiveCfg = Debug|Any CPU
		{A0FB9C1F-EEC6-35E2-7D9B-CDA7C16C73F7}.Debug|x64.Build.0 = Debug|Any CPU
		{A0FB9C1F-EEC6-35E2-7D9B-CDA7C16C73F7}.Debug|x86.ActiveCfg = Debug|Any CPU
		{A0FB9C1F-EEC6-35E2-7D9B-CDA7C16C73F7}.Debug|x86.Build.0 = Debug|Any CPU
		{A0FB9C1F-EEC6-35E2-7D9B-CDA7C16C73F7}.Release|Any CPU.ActiveCfg = Release|Any CPU
		{A0FB9C1F-EEC6-35E2-7D9B-CDA7C16C73F7}.Release|Any CPU.Build.0 = Release|Any CPU
		{A0FB9C1F-EEC6-35E2-7D9B-CDA7C16C73F7}.Release|x64.ActiveCfg = Release|Any CPU
		{A0FB9C1F-EEC6-35E2-7D9B-CDA7C16C73F7}.Release|x64.Build.0 = Release|Any CPU
		{A0FB9C1F-EEC6-35E2-7D9B-CDA7C16C73F7}.Release|x86.ActiveCfg = Release|Any CPU
		{A0FB9C1F-EEC6-35E2-7D9B-CDA7C16C73F7}.Release|x86.Build.0 = Release|Any CPU
		{9A27FF57-4113-4EE5-9EB8-62B0C90A5191}.Debug|Any CPU.ActiveCfg = Debug|Any CPU
		{9A27FF57-4113-4EE5-9EB8-62B0C90A5191}.Debug|Any CPU.Build.0 = Debug|Any CPU
		{9A27FF57-4113-4EE5-9EB8-62B0C90A5191}.Debug|x64.ActiveCfg = Debug|Any CPU
		{9A27FF57-4113-4EE5-9EB8-62B0C90A5191}.Debug|x64.Build.0 = Debug|Any CPU
		{9A27FF57-4113-4EE5-9EB8-62B0C90A5191}.Debug|x86.ActiveCfg = Debug|Any CPU
		{9A27FF57-4113-4EE5-9EB8-62B0C90A5191}.Debug|x86.Build.0 = Debug|Any CPU
		{9A27FF57-4113-4EE5-9EB8-62B0C90A5191}.Release|Any CPU.ActiveCfg = Release|Any CPU
		{9A27FF57-4113-4EE5-9EB8-62B0C90A5191}.Release|Any CPU.Build.0 = Release|Any CPU
		{9A27FF57-4113-4EE5-9EB8-62B0C90A5191}.Release|x64.ActiveCfg = Release|Any CPU
		{9A27FF57-4113-4EE5-9EB8-62B0C90A5191}.Release|x64.Build.0 = Release|Any CPU
		{9A27FF57-4113-4EE5-9EB8-62B0C90A5191}.Release|x86.ActiveCfg = Release|Any CPU
		{9A27FF57-4113-4EE5-9EB8-62B0C90A5191}.Release|x86.Build.0 = Release|Any CPU
		{7925114E-4D37-4FF0-97AF-1BFFBCD9B4AE}.Debug|Any CPU.ActiveCfg = Debug|Any CPU
		{7925114E-4D37-4FF0-97AF-1BFFBCD9B4AE}.Debug|Any CPU.Build.0 = Debug|Any CPU
		{7925114E-4D37-4FF0-97AF-1BFFBCD9B4AE}.Debug|x64.ActiveCfg = Debug|Any CPU
		{7925114E-4D37-4FF0-97AF-1BFFBCD9B4AE}.Debug|x64.Build.0 = Debug|Any CPU
		{7925114E-4D37-4FF0-97AF-1BFFBCD9B4AE}.Debug|x86.ActiveCfg = Debug|Any CPU
		{7925114E-4D37-4FF0-97AF-1BFFBCD9B4AE}.Debug|x86.Build.0 = Debug|Any CPU
		{7925114E-4D37-4FF0-97AF-1BFFBCD9B4AE}.Release|Any CPU.ActiveCfg = Release|Any CPU
		{7925114E-4D37-4FF0-97AF-1BFFBCD9B4AE}.Release|Any CPU.Build.0 = Release|Any CPU
		{7925114E-4D37-4FF0-97AF-1BFFBCD9B4AE}.Release|x64.ActiveCfg = Release|Any CPU
		{7925114E-4D37-4FF0-97AF-1BFFBCD9B4AE}.Release|x64.Build.0 = Release|Any CPU
		{7925114E-4D37-4FF0-97AF-1BFFBCD9B4AE}.Release|x86.ActiveCfg = Release|Any CPU
		{7925114E-4D37-4FF0-97AF-1BFFBCD9B4AE}.Release|x86.Build.0 = Release|Any CPU
		{9701D4EA-06DF-49F1-8E41-957784CBD0B9}.Debug|Any CPU.ActiveCfg = Debug|Any CPU
		{9701D4EA-06DF-49F1-8E41-957784CBD0B9}.Debug|Any CPU.Build.0 = Debug|Any CPU
		{9701D4EA-06DF-49F1-8E41-957784CBD0B9}.Debug|x64.ActiveCfg = Debug|Any CPU
		{9701D4EA-06DF-49F1-8E41-957784CBD0B9}.Debug|x64.Build.0 = Debug|Any CPU
		{9701D4EA-06DF-49F1-8E41-957784CBD0B9}.Debug|x86.ActiveCfg = Debug|Any CPU
		{9701D4EA-06DF-49F1-8E41-957784CBD0B9}.Debug|x86.Build.0 = Debug|Any CPU
		{9701D4EA-06DF-49F1-8E41-957784CBD0B9}.Release|Any CPU.ActiveCfg = Release|Any CPU
		{9701D4EA-06DF-49F1-8E41-957784CBD0B9}.Release|Any CPU.Build.0 = Release|Any CPU
		{9701D4EA-06DF-49F1-8E41-957784CBD0B9}.Release|x64.ActiveCfg = Release|Any CPU
		{9701D4EA-06DF-49F1-8E41-957784CBD0B9}.Release|x64.Build.0 = Release|Any CPU
		{9701D4EA-06DF-49F1-8E41-957784CBD0B9}.Release|x86.ActiveCfg = Release|Any CPU
		{9701D4EA-06DF-49F1-8E41-957784CBD0B9}.Release|x86.Build.0 = Release|Any CPU
	EndGlobalSection
	GlobalSection(SolutionProperties) = preSolution
		HideSolutionNode = FALSE
	EndGlobalSection
	GlobalSection(NestedProjects) = preSolution
		{D9233F75-BB0C-47E4-828E-92C1D68E9AA3} = {C977781E-14CF-6F39-9C43-EDB0793C13DF}
		{58306082-F57D-407F-862A-3DD9912F4A99} = {C977781E-14CF-6F39-9C43-EDB0793C13DF}
		{8525BBCD-1E72-4D36-9A6F-01D9AEB5B6F8} = {C977781E-14CF-6F39-9C43-EDB0793C13DF}
		{D860FE6B-BB56-42B7-ADFB-0CC95C4DF1F2} = {C977781E-14CF-6F39-9C43-EDB0793C13DF}
		{B7294BE3-EDAE-44A7-AC4D-4A26B254495A} = {C977781E-14CF-6F39-9C43-EDB0793C13DF}
		{38A4A18B-D1DF-74C3-F6A5-1E7FD271E995} = {83DE70E1-2F25-E610-2429-503927398ABA}
		{D8DA182F-0069-4957-B839-2B2C2CEF4B42} = {83DE70E1-2F25-E610-2429-503927398ABA}
		{9758EA47-8EC3-41D1-AAA6-933343E8CADA} = {C977781E-14CF-6F39-9C43-EDB0793C13DF}
		{F4FF413F-136E-19A0-6E14-F808185EAF32} = {C977781E-14CF-6F39-9C43-EDB0793C13DF}
		{02EA681E-C7D8-13C7-8484-4AC65E1B71E8} = {83DE70E1-2F25-E610-2429-503927398ABA}
		{0D3B00F5-E0F5-40D5-889C-9FEAF2F25BDC} = {02EA681E-C7D8-13C7-8484-4AC65E1B71E8}
		{B4C55439-F5A9-43EB-8953-A834E2F9F25B} = {02EA681E-C7D8-13C7-8484-4AC65E1B71E8}
		{C95BDC2D-578F-461A-A71A-D3CEFDD58626} = {02EA681E-C7D8-13C7-8484-4AC65E1B71E8}
		{76214342-0511-4106-84C4-7B950BECAC21} = {83DE70E1-2F25-E610-2429-503927398ABA}
		{05FD704C-7FEE-DAA7-F403-5E850FFEBFAB} = {76214342-0511-4106-84C4-7B950BECAC21}
		{56C817A4-8156-5854-C7C8-6333BC4A6C7A} = {76214342-0511-4106-84C4-7B950BECAC21}
		{A5A3C1DA-678F-7E30-3573-C7958C86A343} = {76214342-0511-4106-84C4-7B950BECAC21}
		{774F0089-A11E-43BE-BC81-8F8302DAFDED} = {C977781E-14CF-6F39-9C43-EDB0793C13DF}
		{BA53B491-5629-46B3-98D3-9FA0148D6BF4} = {83DE70E1-2F25-E610-2429-503927398ABA}
		{43894E71-3E01-4FEF-AAFF-1306A41DD779} = {BA53B491-5629-46B3-98D3-9FA0148D6BF4}
		{F453BAA6-83C2-45E9-8B2B-E9F419AB80A5} = {BA53B491-5629-46B3-98D3-9FA0148D6BF4}
		{C9028D16-F2BD-4C70-94B9-9A12944C16E2} = {BA53B491-5629-46B3-98D3-9FA0148D6BF4}
		{AB733A4F-1D7A-4ADF-BE50-198B17020306} = {83DE70E1-2F25-E610-2429-503927398ABA}
		{C8568579-AAA3-F436-4FE1-DFC4763D4C97} = {AB733A4F-1D7A-4ADF-BE50-198B17020306}
		{27D0F097-6B36-994B-2890-451E1714643D} = {AB733A4F-1D7A-4ADF-BE50-198B17020306}
		{9644EC9E-595D-1235-CB20-9374BD5033EF} = {AB733A4F-1D7A-4ADF-BE50-198B17020306}
		{26919BCA-9278-4C78-8F4B-ECD54126B1BD} = {83DE70E1-2F25-E610-2429-503927398ABA}
		{D717737C-8959-8000-AF86-91AA94CB8A77} = {26919BCA-9278-4C78-8F4B-ECD54126B1BD}
		{2D24F33F-9B96-4EBC-A9DB-620488D9A26D} = {26919BCA-9278-4C78-8F4B-ECD54126B1BD}
		{5FF8341D-CF79-4876-A387-9BE9351243E2} = {26919BCA-9278-4C78-8F4B-ECD54126B1BD}
		{FDAA847B-FB8E-235E-7F01-A0AD108C534E} = {B3AA98CC-AF34-472B-8855-EABB3A185CC1}
		{105A0CB2-469B-9A07-D176-5149F3A3B0A3} = {B3AA98CC-AF34-472B-8855-EABB3A185CC1}
		{099D9AF7-933F-0374-FB45-71518E7FBD22} = {B3AA98CC-AF34-472B-8855-EABB3A185CC1}
		{B3AA98CC-AF34-472B-8855-EABB3A185CC1} = {83DE70E1-2F25-E610-2429-503927398ABA}
		{4E60157A-41C0-4A6C-8FEA-5AEC2DB2144A} = {83DE70E1-2F25-E610-2429-503927398ABA}
		{B1516686-68C1-45EF-82F4-17D2D46BBDE9} = {4E60157A-41C0-4A6C-8FEA-5AEC2DB2144A}
		{23A22C97-F3D2-4B88-A3BC-286CAA834975} = {4E60157A-41C0-4A6C-8FEA-5AEC2DB2144A}
		{34172146-B7C7-58B6-2545-98F8B5177635} = {4E60157A-41C0-4A6C-8FEA-5AEC2DB2144A}
		{75CFD07F-C37D-46A4-8BC7-36644DF9A349} = {83DE70E1-2F25-E610-2429-503927398ABA}
		{EE0704CC-BE33-F0C0-6B63-108D0CB212C1} = {75CFD07F-C37D-46A4-8BC7-36644DF9A349}
		{E0054155-1EC3-193A-08E4-758F45A36F33} = {75CFD07F-C37D-46A4-8BC7-36644DF9A349}
		{9ACC4615-501D-3CC5-71B3-08F6C7C662D0} = {75CFD07F-C37D-46A4-8BC7-36644DF9A349}
		{8D4E623F-D9DF-4CC3-9F0A-E6E1F0B78933} = {83DE70E1-2F25-E610-2429-503927398ABA}
		{48D0D1A8-2723-4961-9F09-3769D24FB20B} = {8D4E623F-D9DF-4CC3-9F0A-E6E1F0B78933}
		{066AD0B9-E979-4CD6-BDD1-CB98391410C8} = {8D4E623F-D9DF-4CC3-9F0A-E6E1F0B78933}
		{E3D70868-3B90-B7E8-73EC-6AC2A0EB47FE} = {8D4E623F-D9DF-4CC3-9F0A-E6E1F0B78933}
		{13913CD0-C500-4665-8DD5-2EDCBA2B8D32} = {83DE70E1-2F25-E610-2429-503927398ABA}
		{23BB044F-B9EE-04F9-0E5B-28CEB0848F2A} = {13913CD0-C500-4665-8DD5-2EDCBA2B8D32}
		{C8C826EE-B653-2195-0DE4-D3F498B85FEE} = {13913CD0-C500-4665-8DD5-2EDCBA2B8D32}
		{6A7257DC-D791-42B8-CEB7-7AD06683F522} = {13913CD0-C500-4665-8DD5-2EDCBA2B8D32}
		{E48CC995-DCEE-4582-B8D6-93314D7A8476} = {83DE70E1-2F25-E610-2429-503927398ABA}
		{4E9E6CB8-BF17-04E6-192C-2D06DD5E2FD3} = {E48CC995-DCEE-4582-B8D6-93314D7A8476}
		{2A398B12-8618-4DDE-2A5E-39FEA78874A5} = {E48CC995-DCEE-4582-B8D6-93314D7A8476}
		{2BBE56BF-02BE-0077-E74E-66B1CC77D9A8} = {E48CC995-DCEE-4582-B8D6-93314D7A8476}
		{DDDACEB6-0C53-4E97-9E33-FE0B0B0CF08F} = {83DE70E1-2F25-E610-2429-503927398ABA}
		{51B72A82-6E0F-058A-6560-3E227049ACF7} = {DDDACEB6-0C53-4E97-9E33-FE0B0B0CF08F}
		{00216A69-4131-D7C8-6F62-465017EC210C} = {DDDACEB6-0C53-4E97-9E33-FE0B0B0CF08F}
		{A0FB9C1F-EEC6-35E2-7D9B-CDA7C16C73F7} = {DDDACEB6-0C53-4E97-9E33-FE0B0B0CF08F}
		{2EF1D555-C005-1288-C17A-A3FD00B0B83E} = {83DE70E1-2F25-E610-2429-503927398ABA}
		{9A27FF57-4113-4EE5-9EB8-62B0C90A5191} = {2EF1D555-C005-1288-C17A-A3FD00B0B83E}
		{7925114E-4D37-4FF0-97AF-1BFFBCD9B4AE} = {2EF1D555-C005-1288-C17A-A3FD00B0B83E}
		{9701D4EA-06DF-49F1-8E41-957784CBD0B9} = {2EF1D555-C005-1288-C17A-A3FD00B0B83E}
	EndGlobalSection
	GlobalSection(ExtensibilityGlobals) = postSolution
		SolutionGuid = {BBB320BC-9922-48CD-A508-EA407F4C1145}
	EndGlobalSection
EndGlobal
