
Microsoft Visual Studio Solution File, Format Version 12.00
# Visual Studio Version 17
VisualStudioVersion = 17.9.34622.214
MinimumVisualStudioVersion = 10.0.40219.1
Project("{9A19103F-16F7-4668-BE54-9A1E7A4F7556}") = "O24OpenAPI.Web.CMS", "O24OpenAPI.Web.CMS.csproj", "{CC4255D5-3C1F-4529-9EE0-212CC96F3101}"
EndProject
Project("{9A19103F-16F7-4668-BE54-9A1E7A4F7556}") = "O24OpenAPI.Data", "..\O24OpenAPI.Data\O24OpenAPI.Data.csproj", "{2E8CD36C-1698-4825-971E-7150CB8099D9}"
EndProject
Project("{9A19103F-16F7-4668-BE54-9A1E7A4F7556}") = "O24OpenAPI.Web.Framework", "..\O24OpenAPI.Web.Framework\O24OpenAPI.Web.Framework.csproj", "{4FAF4D81-CF0A-4F8A-ABC8-3E7F1FA538F7}"
EndProject
Project("{9A19103F-16F7-4668-BE54-9A1E7A4F7556}") = "O24OpenAPI.O24OpenAPIClient", "..\O24OpenAPI.O24OpenAPIClient\O24OpenAPI.O24OpenAPIClient.csproj", "{91986354-70C6-44BC-B077-F881AF3ECAF2}"
EndProject
Project("{9A19103F-16F7-4668-BE54-9A1E7A4F7556}") = "O24OpenAPI.Core", "..\O24OpenAPI.Core\O24OpenAPI.Core.csproj", "{DAB462FF-16ED-4724-B1EA-C80041CF7670}"
EndProject
Project("{9A19103F-16F7-4668-BE54-9A1E7A4F7556}") = "O24OpenAPI.O24NCH", "..\O24OpenAPI.O24NCH\O24OpenAPI.O24NCH.csproj", "{3F8EFCB1-6A29-40D8-858D-69BC38D0F45A}"
EndProject
Project("{9A19103F-16F7-4668-BE54-9A1E7A4F7556}") = "O24OpenAPI.Logger", "..\O24OpenAPI.Logger\O24OpenAPI.Logger.csproj", "{FEFD4926-CC7E-4661-8E59-0767FECF5D49}"
EndProject
Project("{9A19103F-16F7-4668-BE54-9A1E7A4F7556}") = "O24OpenAPI.Web.Report", "..\O24OpenAPI.Web.Report\O24OpenAPI.Web.Report.csproj", "{22244969-88EA-4B95-BAB3-3C1444CC2D36}"
EndProject
Project("{9A19103F-16F7-4668-BE54-9A1E7A4F7556}") = "O24OpenAPI.WFO", "..\O24OpenAPI.WFO\O24OpenAPI.WFO.csproj", "{9A15A8A2-DE6D-4A2A-B5FE-64561E969C50}"
EndProject
Project("{9A19103F-16F7-4668-BE54-9A1E7A4F7556}") = "O24OpenAPI.CBGateway", "..\O24OpenAPI.CBGateway\O24OpenAPI.CBGateway.csproj", "{516802D7-244E-40F2-83E1-F4BB612F45D0}"
EndProject
Project("{9A19103F-16F7-4668-BE54-9A1E7A4F7556}") = "O24OpenAPI.DataWarehouse", "..\O24OpenAPI.DataWarehouse\O24OpenAPI.DataWarehouse.csproj", "{D983EF9E-FE34-4297-9E87-2A9E1C5FA257}"
EndProject
Project("{9A19103F-16F7-4668-BE54-9A1E7A4F7556}") = "O24OpenAPI.Test", "..\O24OpenAPI.Test\O24OpenAPI.Test.csproj", "{8A487799-78F0-4693-A91F-797E413FD7CD}"
EndProject
Project("{9A19103F-16F7-4668-BE54-9A1E7A4F7556}") = "O24OpenAPI.O24DTS", "..\O24OpenAPI.O24DTS\O24OpenAPI.O24DTS.csproj", "{63291E7C-65EE-4C82-B40E-A6F4E47C2F93}"
EndProject
Project("{9A19103F-16F7-4668-BE54-9A1E7A4F7556}") = "O24OpenAPI.ControlHub", "..\O24OpenAPI.ControlHub\O24OpenAPI.ControlHub.csproj", "{39A681A5-7775-4833-B441-34EFBC803C9B}"
EndProject
Project("{9A19103F-16F7-4668-BE54-9A1E7A4F7556}") = "O24OpenAPI.SmartTeller", "..\O24OpenAPI.O24TEL\O24OpenAPI.SmartTeller.csproj", "{E36D7BB2-3A35-46A4-A3DE-C22A58B38771}"
EndProject
Global
	GlobalSection(SolutionConfigurationPlatforms) = preSolution
		Debug|Any CPU = Debug|Any CPU
		Release|Any CPU = Release|Any CPU
	EndGlobalSection
	GlobalSection(ProjectConfigurationPlatforms) = postSolution
		{CC4255D5-3C1F-4529-9EE0-212CC96F3101}.Debug|Any CPU.ActiveCfg = Debug|Any CPU
		{CC4255D5-3C1F-4529-9EE0-212CC96F3101}.Debug|Any CPU.Build.0 = Debug|Any CPU
		{CC4255D5-3C1F-4529-9EE0-212CC96F3101}.Release|Any CPU.ActiveCfg = Release|Any CPU
		{CC4255D5-3C1F-4529-9EE0-212CC96F3101}.Release|Any CPU.Build.0 = Release|Any CPU
		{2E8CD36C-1698-4825-971E-7150CB8099D9}.Debug|Any CPU.ActiveCfg = Debug|Any CPU
		{2E8CD36C-1698-4825-971E-7150CB8099D9}.Debug|Any CPU.Build.0 = Debug|Any CPU
		{2E8CD36C-1698-4825-971E-7150CB8099D9}.Release|Any CPU.ActiveCfg = Release|Any CPU
		{2E8CD36C-1698-4825-971E-7150CB8099D9}.Release|Any CPU.Build.0 = Release|Any CPU
		{4FAF4D81-CF0A-4F8A-ABC8-3E7F1FA538F7}.Debug|Any CPU.ActiveCfg = Debug|Any CPU
		{4FAF4D81-CF0A-4F8A-ABC8-3E7F1FA538F7}.Debug|Any CPU.Build.0 = Debug|Any CPU
		{4FAF4D81-CF0A-4F8A-ABC8-3E7F1FA538F7}.Release|Any CPU.ActiveCfg = Release|Any CPU
		{4FAF4D81-CF0A-4F8A-ABC8-3E7F1FA538F7}.Release|Any CPU.Build.0 = Release|Any CPU
		{91986354-70C6-44BC-B077-F881AF3ECAF2}.Debug|Any CPU.ActiveCfg = Debug|Any CPU
		{91986354-70C6-44BC-B077-F881AF3ECAF2}.Debug|Any CPU.Build.0 = Debug|Any CPU
		{91986354-70C6-44BC-B077-F881AF3ECAF2}.Release|Any CPU.ActiveCfg = Release|Any CPU
		{91986354-70C6-44BC-B077-F881AF3ECAF2}.Release|Any CPU.Build.0 = Release|Any CPU
		{DAB462FF-16ED-4724-B1EA-C80041CF7670}.Debug|Any CPU.ActiveCfg = Debug|Any CPU
		{DAB462FF-16ED-4724-B1EA-C80041CF7670}.Debug|Any CPU.Build.0 = Debug|Any CPU
		{DAB462FF-16ED-4724-B1EA-C80041CF7670}.Release|Any CPU.ActiveCfg = Release|Any CPU
		{DAB462FF-16ED-4724-B1EA-C80041CF7670}.Release|Any CPU.Build.0 = Release|Any CPU
		{3F8EFCB1-6A29-40D8-858D-69BC38D0F45A}.Debug|Any CPU.ActiveCfg = Debug|Any CPU
		{3F8EFCB1-6A29-40D8-858D-69BC38D0F45A}.Debug|Any CPU.Build.0 = Debug|Any CPU
		{3F8EFCB1-6A29-40D8-858D-69BC38D0F45A}.Release|Any CPU.ActiveCfg = Release|Any CPU
		{3F8EFCB1-6A29-40D8-858D-69BC38D0F45A}.Release|Any CPU.Build.0 = Release|Any CPU
		{FEFD4926-CC7E-4661-8E59-0767FECF5D49}.Debug|Any CPU.ActiveCfg = Debug|Any CPU
		{FEFD4926-CC7E-4661-8E59-0767FECF5D49}.Debug|Any CPU.Build.0 = Debug|Any CPU
		{FEFD4926-CC7E-4661-8E59-0767FECF5D49}.Release|Any CPU.ActiveCfg = Release|Any CPU
		{FEFD4926-CC7E-4661-8E59-0767FECF5D49}.Release|Any CPU.Build.0 = Release|Any CPU
		{22244969-88EA-4B95-BAB3-3C1444CC2D36}.Debug|Any CPU.ActiveCfg = Debug|Any CPU
		{22244969-88EA-4B95-BAB3-3C1444CC2D36}.Debug|Any CPU.Build.0 = Debug|Any CPU
		{22244969-88EA-4B95-BAB3-3C1444CC2D36}.Release|Any CPU.ActiveCfg = Release|Any CPU
		{22244969-88EA-4B95-BAB3-3C1444CC2D36}.Release|Any CPU.Build.0 = Release|Any CPU
		{9A15A8A2-DE6D-4A2A-B5FE-64561E969C50}.Debug|Any CPU.ActiveCfg = Debug|Any CPU
		{9A15A8A2-DE6D-4A2A-B5FE-64561E969C50}.Debug|Any CPU.Build.0 = Debug|Any CPU
		{9A15A8A2-DE6D-4A2A-B5FE-64561E969C50}.Release|Any CPU.ActiveCfg = Release|Any CPU
		{9A15A8A2-DE6D-4A2A-B5FE-64561E969C50}.Release|Any CPU.Build.0 = Release|Any CPU
		{516802D7-244E-40F2-83E1-F4BB612F45D0}.Debug|Any CPU.ActiveCfg = Debug|Any CPU
		{516802D7-244E-40F2-83E1-F4BB612F45D0}.Debug|Any CPU.Build.0 = Debug|Any CPU
		{516802D7-244E-40F2-83E1-F4BB612F45D0}.Release|Any CPU.ActiveCfg = Release|Any CPU
		{516802D7-244E-40F2-83E1-F4BB612F45D0}.Release|Any CPU.Build.0 = Release|Any CPU
		{D983EF9E-FE34-4297-9E87-2A9E1C5FA257}.Debug|Any CPU.ActiveCfg = Debug|Any CPU
		{D983EF9E-FE34-4297-9E87-2A9E1C5FA257}.Debug|Any CPU.Build.0 = Debug|Any CPU
		{D983EF9E-FE34-4297-9E87-2A9E1C5FA257}.Release|Any CPU.ActiveCfg = Release|Any CPU
		{D983EF9E-FE34-4297-9E87-2A9E1C5FA257}.Release|Any CPU.Build.0 = Release|Any CPU
		{8A487799-78F0-4693-A91F-797E413FD7CD}.Debug|Any CPU.ActiveCfg = Debug|Any CPU
		{8A487799-78F0-4693-A91F-797E413FD7CD}.Debug|Any CPU.Build.0 = Debug|Any CPU
		{8A487799-78F0-4693-A91F-797E413FD7CD}.Release|Any CPU.ActiveCfg = Debug|Any CPU
		{8A487799-78F0-4693-A91F-797E413FD7CD}.Release|Any CPU.Build.0 = Debug|Any CPU
		{63291E7C-65EE-4C82-B40E-A6F4E47C2F93}.Debug|Any CPU.ActiveCfg = Debug|Any CPU
		{63291E7C-65EE-4C82-B40E-A6F4E47C2F93}.Debug|Any CPU.Build.0 = Debug|Any CPU
		{63291E7C-65EE-4C82-B40E-A6F4E47C2F93}.Release|Any CPU.ActiveCfg = Release|Any CPU
		{63291E7C-65EE-4C82-B40E-A6F4E47C2F93}.Release|Any CPU.Build.0 = Release|Any CPU
		{39A681A5-7775-4833-B441-34EFBC803C9B}.Debug|Any CPU.ActiveCfg = Debug|Any CPU
		{39A681A5-7775-4833-B441-34EFBC803C9B}.Debug|Any CPU.Build.0 = Debug|Any CPU
		{39A681A5-7775-4833-B441-34EFBC803C9B}.Release|Any CPU.ActiveCfg = Release|Any CPU
		{39A681A5-7775-4833-B441-34EFBC803C9B}.Release|Any CPU.Build.0 = Release|Any CPU
		{E36D7BB2-3A35-46A4-A3DE-C22A58B38771}.Debug|Any CPU.ActiveCfg = Debug|Any CPU
		{E36D7BB2-3A35-46A4-A3DE-C22A58B38771}.Debug|Any CPU.Build.0 = Debug|Any CPU
		{E36D7BB2-3A35-46A4-A3DE-C22A58B38771}.Release|Any CPU.ActiveCfg = Release|Any CPU
		{E36D7BB2-3A35-46A4-A3DE-C22A58B38771}.Release|Any CPU.Build.0 = Release|Any CPU
	EndGlobalSection
	GlobalSection(SolutionProperties) = preSolution
		HideSolutionNode = FALSE
	EndGlobalSection
	GlobalSection(ExtensibilityGlobals) = postSolution
		SolutionGuid = {511F7C7D-D04F-45EB-8533-9E2629F4FCE7}
	EndGlobalSection
EndGlobal
